// !$*UTF8*$!
{
	archiveVersion = 1;
	classes = {
	};
	objectVersion = 50;
	objects = {

/* Begin PBXBuildFile section */
		3DA7D7EA231D24C600B5DB3A /* nanoWrap.cpp in Sources */ = {isa = PBXBuildFile; fileRef = 3DA7D7E7231D24C600B5DB3A /* nanoWrap.cpp */; };
		3DA7D7EB231D24C600B5DB3A /* nanogl.cpp in Sources */ = {isa = PBXBuildFile; fileRef = 3DA7D7E8231D24C600B5DB3A /* nanogl.cpp */; };
		3DA7D7EC231D24C600B5DB3A /* eglwrap.cpp in Sources */ = {isa = PBXBuildFile; fileRef = 3DA7D7E9231D24C600B5DB3A /* eglwrap.cpp */; };
		3DA7D7EF231D258600B5DB3A /* libSDL2.a in Frameworks */ = {isa = PBXBuildFile; fileRef = 3DA7D7EE231D258600B5DB3A /* libSDL2.a */; };
/* End PBXBuildFile section */

/* Begin PBXCopyFilesBuildPhase section */
		3D4410C5231D066B001A0696 /* CopyFiles */ = {
			isa = PBXCopyFilesBuildPhase;
			buildActionMask = 2147483647;
			dstPath = "include/$(PRODUCT_NAME)";
			dstSubfolderSpec = 16;
			files = (
			);
			runOnlyForDeploymentPostprocessing = 0;
		};
/* End PBXCopyFilesBuildPhase section */

/* Begin PBXFileReference section */
		3D4410C7231D066B001A0696 /* libnanogl.a */ = {isa = PBXFileReference; explicitFileType = archive.ar; includeInIndex = 0; path = libnanogl.a; sourceTree = BUILT_PRODUCTS_DIR; };
		3DA7D7DA231D24C600B5DB3A /* funcnames.h */ = {isa = PBXFileReference; fileEncoding = 4; lastKnownFileType = sourcecode.c.h; path = funcnames.h; sourceTree = "<group>"; };
		3DA7D7DB231D24C600B5DB3A /* Android.mk */ = {isa = PBXFileReference; fileEncoding = 4; lastKnownFileType = text; path = Android.mk; sourceTree = "<group>"; };
		3DA7D7DC231D24C600B5DB3A /* wscript */ = {isa = PBXFileReference; fileEncoding = 4; lastKnownFileType = text; path = wscript; sourceTree = "<group>"; };
		3DA7D7DD231D24C600B5DB3A /* README.md */ = {isa = PBXFileReference; fileEncoding = 4; lastKnownFileType = net.daringfireball.markdown; path = README.md; sourceTree = "<group>"; };
		3DA7D7DE231D24C600B5DB3A /* .gitignore */ = {isa = PBXFileReference; fileEncoding = 4; lastKnownFileType = text; path = .gitignore; sourceTree = "<group>"; };
		3DA7D7DF231D24C600B5DB3A /* .clang-format */ = {isa = PBXFileReference; fileEncoding = 4; lastKnownFileType = text; path = ".clang-format"; sourceTree = "<group>"; };
		3DA7D7E1231D24C600B5DB3A /* egl.h */ = {isa = PBXFileReference; fileEncoding = 4; lastKnownFileType = sourcecode.c.h; path = egl.h; sourceTree = "<group>"; };
		3DA7D7E2231D24C600B5DB3A /* nanogl.h */ = {isa = PBXFileReference; fileEncoding = 4; lastKnownFileType = sourcecode.c.h; path = nanogl.h; sourceTree = "<group>"; };
		3DA7D7E3231D24C600B5DB3A /* glu.h */ = {isa = PBXFileReference; fileEncoding = 4; lastKnownFileType = sourcecode.c.h; path = glu.h; sourceTree = "<group>"; };
		3DA7D7E4231D24C600B5DB3A /* glesinterface.h */ = {isa = PBXFileReference; fileEncoding = 4; lastKnownFileType = sourcecode.c.h; path = glesinterface.h; sourceTree = "<group>"; };
		3DA7D7E5231D24C600B5DB3A /* gl.h */ = {isa = PBXFileReference; fileEncoding = 4; lastKnownFileType = sourcecode.c.h; path = gl.h; sourceTree = "<group>"; };
		3DA7D7E6231D24C600B5DB3A /* gl_entries.in */ = {isa = PBXFileReference; fileEncoding = 4; lastKnownFileType = text; path = gl_entries.in; sourceTree = "<group>"; };
		3DA7D7E7231D24C600B5DB3A /* nanoWrap.cpp */ = {isa = PBXFileReference; fileEncoding = 4; lastKnownFileType = sourcecode.cpp.cpp; path = nanoWrap.cpp; sourceTree = "<group>"; };
		3DA7D7E8231D24C600B5DB3A /* nanogl.cpp */ = {isa = PBXFileReference; fileEncoding = 4; lastKnownFileType = sourcecode.cpp.cpp; path = nanogl.cpp; sourceTree = "<group>"; };
		3DA7D7E9231D24C600B5DB3A /* eglwrap.cpp */ = {isa = PBXFileReference; fileEncoding = 4; lastKnownFileType = sourcecode.cpp.cpp; path = eglwrap.cpp; sourceTree = "<group>"; };
		3DA7D7EE231D258600B5DB3A /* libSDL2.a */ = {isa = PBXFileReference; explicitFileType = archive.ar; path = libSDL2.a; sourceTree = BUILT_PRODUCTS_DIR; };
/* End PBXFileReference section */

/* Begin PBXFrameworksBuildPhase section */
		3D4410C4231D066B001A0696 /* Frameworks */ = {
			isa = PBXFrameworksBuildPhase;
			buildActionMask = 2147483647;
			files = (
				3DA7D7EF231D258600B5DB3A /* libSDL2.a in Frameworks */,
			);
			runOnlyForDeploymentPostprocessing = 0;
		};
/* End PBXFrameworksBuildPhase section */

/* Begin PBXGroup section */
		3D4410BE231D066B001A0696 = {
			isa = PBXGroup;
			children = (
				3DA7D7D9231D24C600B5DB3A /* nanogl */,
				3D4410C8231D066B001A0696 /* Products */,
				3DA7D7ED231D258600B5DB3A /* Frameworks */,
			);
			sourceTree = "<group>";
		};
		3D4410C8231D066B001A0696 /* Products */ = {
			isa = PBXGroup;
			children = (
				3D4410C7231D066B001A0696 /* libnanogl.a */,
			);
			name = Products;
			sourceTree = "<group>";
		};
		3DA7D7D9231D24C600B5DB3A /* nanogl */ = {
			isa = PBXGroup;
			children = (
				3DA7D7DA231D24C600B5DB3A /* funcnames.h */,
				3DA7D7DB231D24C600B5DB3A /* Android.mk */,
				3DA7D7DC231D24C600B5DB3A /* wscript */,
				3DA7D7DD231D24C600B5DB3A /* README.md */,
				3DA7D7DE231D24C600B5DB3A /* .gitignore */,
				3DA7D7DF231D24C600B5DB3A /* .clang-format */,
				3DA7D7E0231D24C600B5DB3A /* GL */,
				3DA7D7E7231D24C600B5DB3A /* nanoWrap.cpp */,
				3DA7D7E8231D24C600B5DB3A /* nanogl.cpp */,
				3DA7D7E9231D24C600B5DB3A /* eglwrap.cpp */,
			);
			name = nanogl;
			path = ../nanogl;
			sourceTree = "<group>";
		};
		3DA7D7E0231D24C600B5DB3A /* GL */ = {
			isa = PBXGroup;
			children = (
				3DA7D7E1231D24C600B5DB3A /* egl.h */,
				3DA7D7E2231D24C600B5DB3A /* nanogl.h */,
				3DA7D7E3231D24C600B5DB3A /* glu.h */,
				3DA7D7E4231D24C600B5DB3A /* glesinterface.h */,
				3DA7D7E5231D24C600B5DB3A /* gl.h */,
				3DA7D7E6231D24C600B5DB3A /* gl_entries.in */,
			);
			path = GL;
			sourceTree = "<group>";
		};
		3DA7D7ED231D258600B5DB3A /* Frameworks */ = {
			isa = PBXGroup;
			children = (
				3DA7D7EE231D258600B5DB3A /* libSDL2.a */,
			);
			name = Frameworks;
			sourceTree = "<group>";
		};
/* End PBXGroup section */

/* Begin PBXNativeTarget section */
		3D4410C6231D066B001A0696 /* nanogl */ = {
			isa = PBXNativeTarget;
			buildConfigurationList = 3D4410D0231D066B001A0696 /* Build configuration list for PBXNativeTarget "nanogl" */;
			buildPhases = (
				3D4410C3231D066B001A0696 /* Sources */,
				3D4410C4231D066B001A0696 /* Frameworks */,
				3D4410C5231D066B001A0696 /* CopyFiles */,
			);
			buildRules = (
			);
			dependencies = (
			);
			name = nanogl;
			productName = server;
			productReference = 3D4410C7231D066B001A0696 /* libnanogl.a */;
			productType = "com.apple.product-type.library.static";
		};
/* End PBXNativeTarget section */

/* Begin PBXProject section */
		3D4410BF231D066B001A0696 /* Project object */ = {
			isa = PBXProject;
			attributes = {
				LastUpgradeCheck = 1030;
				ORGANIZATIONNAME = "梅峰源";
				TargetAttributes = {
					3D4410C6231D066B001A0696 = {
						CreatedOnToolsVersion = 10.3;
					};
				};
			};
			buildConfigurationList = 3D4410C2231D066B001A0696 /* Build configuration list for PBXProject "nanogl" */;
			compatibilityVersion = "Xcode 9.3";
			developmentRegion = en;
			hasScannedForEncodings = 0;
			knownRegions = (
				en,
			);
			mainGroup = 3D4410BE231D066B001A0696;
			productRefGroup = 3D4410C8231D066B001A0696 /* Products */;
			projectDirPath = "";
			projectRoot = "";
			targets = (
				3D4410C6231D066B001A0696 /* nanogl */,
			);
		};
/* End PBXProject section */

/* Begin PBXSourcesBuildPhase section */
		3D4410C3231D066B001A0696 /* Sources */ = {
			isa = PBXSourcesBuildPhase;
			buildActionMask = 2147483647;
			files = (
				3DA7D7EB231D24C600B5DB3A /* nanogl.cpp in Sources */,
				3DA7D7EC231D24C600B5DB3A /* eglwrap.cpp in Sources */,
				3DA7D7EA231D24C600B5DB3A /* nanoWrap.cpp in Sources */,
			);
			runOnlyForDeploymentPostprocessing = 0;
		};
/* End PBXSourcesBuildPhase section */

/* Begin XCBuildConfiguration section */
		3D4410CE231D066B001A0696 /* Debug */ = {
			isa = XCBuildConfiguration;
			buildSettings = {
				ALWAYS_SEARCH_USER_PATHS = NO;
				CLANG_ANALYZER_NONNULL = YES;
				CLANG_ANALYZER_NUMBER_OBJECT_CONVERSION = YES_AGGRESSIVE;
				CLANG_CXX_LANGUAGE_STANDARD = "gnu++14";
				CLANG_CXX_LIBRARY = "libc++";
				CLANG_ENABLE_MODULES = YES;
				CLANG_ENABLE_OBJC_ARC = YES;
				CLANG_ENABLE_OBJC_WEAK = YES;
				CLANG_WARN_BLOCK_CAPTURE_AUTORELEASING = YES;
				CLANG_WARN_BOOL_CONVERSION = YES;
				CLANG_WARN_COMMA = YES;
				CLANG_WARN_CONSTANT_CONVERSION = YES;
				CLANG_WARN_DEPRECATED_OBJC_IMPLEMENTATIONS = YES;
				CLANG_WARN_DIRECT_OBJC_ISA_USAGE = YES_ERROR;
				CLANG_WARN_DOCUMENTATION_COMMENTS = YES;
				CLANG_WARN_EMPTY_BODY = YES;
				CLANG_WARN_ENUM_CONVERSION = YES;
				CLANG_WARN_INFINITE_RECURSION = YES;
				CLANG_WARN_INT_CONVERSION = YES;
				CLANG_WARN_NON_LITERAL_NULL_CONVERSION = YES;
				CLANG_WARN_OBJC_IMPLICIT_RETAIN_SELF = YES;
				CLANG_WARN_OBJC_LITERAL_CONVERSION = YES;
				CLANG_WARN_OBJC_ROOT_CLASS = YES_ERROR;
				CLANG_WARN_RANGE_LOOP_ANALYSIS = YES;
				CLANG_WARN_STRICT_PROTOTYPES = YES;
				CLANG_WARN_SUSPICIOUS_MOVE = YES;
				CLANG_WARN_UNGUARDED_AVAILABILITY = YES_AGGRESSIVE;
				CLANG_WARN_UNREACHABLE_CODE = YES;
				CLANG_WARN__DUPLICATE_METHOD_MATCH = YES;
				CODE_SIGN_IDENTITY = "iPhone Developer";
				COPY_PHASE_STRIP = NO;
				DEBUG_INFORMATION_FORMAT = dwarf;
				ENABLE_STRICT_OBJC_MSGSEND = YES;
				ENABLE_TESTABILITY = YES;
				GCC_C_LANGUAGE_STANDARD = gnu11;
				GCC_DYNAMIC_NO_PIC = NO;
				GCC_NO_COMMON_BLOCKS = YES;
				GCC_OPTIMIZATION_LEVEL = 0;
				GCC_PREPROCESSOR_DEFINITIONS = (
					"DEBUG=1",
					"$(inherited)",
				);
				GCC_WARN_64_TO_32_BIT_CONVERSION = YES;
				GCC_WARN_ABOUT_RETURN_TYPE = YES_ERROR;
				GCC_WARN_UNDECLARED_SELECTOR = YES;
				GCC_WARN_UNINITIALIZED_AUTOS = YES_AGGRESSIVE;
				GCC_WARN_UNUSED_FUNCTION = YES;
				GCC_WARN_UNUSED_VARIABLE = YES;
				IPHONEOS_DEPLOYMENT_TARGET = 8.0;
				MTL_ENABLE_DEBUG_INFO = INCLUDE_SOURCE;
				MTL_FAST_MATH = YES;
				ONLY_ACTIVE_ARCH = YES;
				SDKROOT = iphoneos;
				TARGETED_DEVICE_FAMILY = "1,2";
			};
			name = Debug;
		};
		3D4410CF231D066B001A0696 /* Release */ = {
			isa = XCBuildConfiguration;
			buildSettings = {
				ALWAYS_SEARCH_USER_PATHS = NO;
				CLANG_ANALYZER_NONNULL = YES;
				CLANG_ANALYZER_NUMBER_OBJECT_CONVERSION = YES_AGGRESSIVE;
				CLANG_CXX_LANGUAGE_STANDARD = "gnu++14";
				CLANG_CXX_LIBRARY = "libc++";
				CLANG_ENABLE_MODULES = YES;
				CLANG_ENABLE_OBJC_ARC = YES;
				CLANG_ENABLE_OBJC_WEAK = YES;
				CLANG_WARN_BLOCK_CAPTURE_AUTORELEASING = YES;
				CLANG_WARN_BOOL_CONVERSION = YES;
				CLANG_WARN_COMMA = YES;
				CLANG_WARN_CONSTANT_CONVERSION = YES;
				CLANG_WARN_DEPRECATED_OBJC_IMPLEMENTATIONS = YES;
				CLANG_WARN_DIRECT_OBJC_ISA_USAGE = YES_ERROR;
				CLANG_WARN_DOCUMENTATION_COMMENTS = YES;
				CLANG_WARN_EMPTY_BODY = YES;
				CLANG_WARN_ENUM_CONVERSION = YES;
				CLANG_WARN_INFINITE_RECURSION = YES;
				CLANG_WARN_INT_CONVERSION = YES;
				CLANG_WARN_NON_LITERAL_NULL_CONVERSION = YES;
				CLANG_WARN_OBJC_IMPLICIT_RETAIN_SELF = YES;
				CLANG_WARN_OBJC_LITERAL_CONVERSION = YES;
				CLANG_WARN_OBJC_ROOT_CLASS = YES_ERROR;
				CLANG_WARN_RANGE_LOOP_ANALYSIS = YES;
				CLANG_WARN_STRICT_PROTOTYPES = YES;
				CLANG_WARN_SUSPICIOUS_MOVE = YES;
				CLANG_WARN_UNGUARDED_AVAILABILITY = YES_AGGRESSIVE;
				CLANG_WARN_UNREACHABLE_CODE = YES;
				CLANG_WARN__DUPLICATE_METHOD_MATCH = YES;
				CODE_SIGN_IDENTITY = "iPhone Developer";
				COPY_PHASE_STRIP = NO;
				DEBUG_INFORMATION_FORMAT = "dwarf-with-dsym";
				ENABLE_NS_ASSERTIONS = NO;
				ENABLE_STRICT_OBJC_MSGSEND = YES;
				GCC_C_LANGUAGE_STANDARD = gnu11;
				GCC_NO_COMMON_BLOCKS = YES;
				GCC_WARN_64_TO_32_BIT_CONVERSION = YES;
				GCC_WARN_ABOUT_RETURN_TYPE = YES_ERROR;
				GCC_WARN_UNDECLARED_SELECTOR = YES;
				GCC_WARN_UNINITIALIZED_AUTOS = YES_AGGRESSIVE;
				GCC_WARN_UNUSED_FUNCTION = YES;
				GCC_WARN_UNUSED_VARIABLE = YES;
				IPHONEOS_DEPLOYMENT_TARGET = 8.0;
				MTL_ENABLE_DEBUG_INFO = NO;
				MTL_FAST_MATH = YES;
				SDKROOT = iphoneos;
				TARGETED_DEVICE_FAMILY = "1,2";
				VALIDATE_PRODUCT = YES;
			};
			name = Release;
		};
		3D4410D1231D066B001A0696 /* Debug */ = {
			isa = XCBuildConfiguration;
			buildSettings = {
				CODE_SIGN_STYLE = Automatic;
				HEADER_SEARCH_PATHS = (
					../SDL2/include,
					../engine,
					../engine/common,
					../engine/client,
					../engine/client/vgui,
					../engine/server,
					../engine/common/imagelib,
					../engine/common/soundlib,
					../engine/common/soundlib/libmpg,
					../pm_shared,
					../common,
					../,
					../nanogl,
					../nanogl/GL,
				);
				OTHER_CFLAGS = (
					"-DXASH_SDL",
					"-DXASH_NANOGL",
					"-DXASH_GLES",
					"-DXASH_FORCEINLINE",
					"-DXASH_SDLMAIN",
					"-DSINGLE_BINARY",
					"-D__MULTITEXTURE_SUPPORT__",
					"-DXASH_STATIC_GAMELIB",
					"-fvisibility=hidden",
				);
				OTHER_LDFLAGS = "";
				PRODUCT_NAME = "$(TARGET_NAME)";
				SKIP_INSTALL = YES;
				TARGETED_DEVICE_FAMILY = "1,2";
			};
			name = Debug;
		};
		3D4410D2231D066B001A0696 /* Release */ = {
			isa = XCBuildConfiguration;
			buildSettings = {
				CODE_SIGN_STYLE = Automatic;
				HEADER_SEARCH_PATHS = (
					../SDL2/include,
					../engine,
					../engine/common,
					../engine/client,
					../engine/client/vgui,
					../engine/server,
					../engine/common/imagelib,
					../engine/common/soundlib,
					../engine/common/soundlib/libmpg,
					../pm_shared,
					../common,
					../,
					../nanogl,
					../nanogl/GL,
				);
				OTHER_CFLAGS = (
					"-DXASH_SDL",
					"-DXASH_NANOGL",
					"-DXASH_GLES",
					"-DXASH_FORCEINLINE",
					"-DXASH_SDLMAIN",
					"-DSINGLE_BINARY",
					"-D__MULTITEXTURE_SUPPORT__",
					"-DXASH_STATIC_GAMELIB",
					"-fvisibility=hidden",
				);
				OTHER_LDFLAGS = "";
				PRODUCT_NAME = "$(TARGET_NAME)";
				SKIP_INSTALL = YES;
				TARGETED_DEVICE_FAMILY = "1,2";
			};
			name = Release;
		};
/* End XCBuildConfiguration section */

/* Begin XCConfigurationList section */
		3D4410C2231D066B001A0696 /* Build configuration list for PBXProject "nanogl" */ = {
			isa = XCConfigurationList;
			buildConfigurations = (
				3D4410CE231D066B001A0696 /* Debug */,
				3D4410CF231D066B001A0696 /* Release */,
			);
			defaultConfigurationIsVisible = 0;
			defaultConfigurationName = Release;
		};
		3D4410D0231D066B001A0696 /* Build configuration list for PBXNativeTarget "nanogl" */ = {
			isa = XCConfigurationList;
			buildConfigurations = (
				3D4410D1231D066B001A0696 /* Debug */,
				3D4410D2231D066B001A0696 /* Release */,
			);
			defaultConfigurationIsVisible = 0;
			defaultConfigurationName = Release;
		};
/* End XCConfigurationList section */
	};
	rootObject = 3D4410BF231D066B001A0696 /* Project object */;
}
