// !$*UTF8*$!
{
	archiveVersion = 1;
	classes = {
	};
	objectVersion = 46;
	objects = {

/* Begin PBXBuildFile section */
		1D3623EC0D0F72F000981E51 /* CoreGraphics.framework in Frameworks */ = {isa = PBXBuildFile; fileRef = 1D3623EB0D0F72F000981E51 /* CoreGraphics.framework */; };
		1D60589F0D05DD5A006BFB54 /* Foundation.framework in Frameworks */ = {isa = PBXBuildFile; fileRef = 1D30AB110D05D00D00671497 /* Foundation.framework */; };
		1DF5F4E00D08C38300B7A737 /* UIKit.framework in Frameworks */ = {isa = PBXBuildFile; fileRef = 1DF5F4DF0D08C38300B7A737 /* UIKit.framework */; };
		3D094FB4228F1D3B00F168C2 /* NewGameViewController.m in Sources */ = {isa = PBXBuildFile; fileRef = 3D094FAE228F1D3A00F168C2 /* NewGameViewController.m */; };
		3D094FB5228F1D3B00F168C2 /* MainViewController.m in Sources */ = {isa = PBXBuildFile; fileRef = 3D094FB0228F1D3B00F168C2 /* MainViewController.m */; };
		3D094FB6228F1D3B00F168C2 /* TutorViewController.m in Sources */ = {isa = PBXBuildFile; fileRef = 3D094FB1228F1D3B00F168C2 /* TutorViewController.m */; };
		3D094FBF228F1F2900F168C2 /* TGAlib.m in Sources */ = {isa = PBXBuildFile; fileRef = 3D094FBE228F1F2900F168C2 /* TGAlib.m */; };
		3D11D3E3228F38FA00393F66 /* NewGameStoryboard.storyboard in Resources */ = {isa = PBXBuildFile; fileRef = 3D11D3E2228F38FA00393F66 /* NewGameStoryboard.storyboard */; };
		3D11D3EB228F40C900393F66 /* LandScapePicker.m in Sources */ = {isa = PBXBuildFile; fileRef = 3D11D3EA228F40C900393F66 /* LandScapePicker.m */; };
		3D11D3EE228F484F00393F66 /* GameDirViewController.m in Sources */ = {isa = PBXBuildFile; fileRef = 3D11D3ED228F484F00393F66 /* GameDirViewController.m */; };
		3D11D3F1228F560F00393F66 /* MapDetailViewController.m in Sources */ = {isa = PBXBuildFile; fileRef = 3D11D3F0228F560F00393F66 /* MapDetailViewController.m */; };
		3D11D3F4228F58D600393F66 /* MapMasterTableViewController.m in Sources */ = {isa = PBXBuildFile; fileRef = 3D11D3F3228F58D600393F66 /* MapMasterTableViewController.m */; };
		3D11D3F82291732300393F66 /* SettingsStoryboard.storyboard in Resources */ = {isa = PBXBuildFile; fileRef = 3D11D3F72291732300393F66 /* SettingsStoryboard.storyboard */; };
		3D11D3FB22917BFC00393F66 /* SettingsSplitViewController.m in Sources */ = {isa = PBXBuildFile; fileRef = 3D11D3FA22917BFC00393F66 /* SettingsSplitViewController.m */; };
		3D3EE8A3228F193400A695FE /* maps in Resources */ = {isa = PBXBuildFile; fileRef = 3D3EE89D228F193400A695FE /* maps */; };
		3D441367231D0B0B001A0696 /* libserver.a in Frameworks */ = {isa = PBXBuildFile; fileRef = 3D4410DE231D0697001A0696 /* libserver.a */; };
		3D44160B231D133D001A0696 /* libclient.a in Frameworks */ = {isa = PBXBuildFile; fileRef = 3D4413C5231D104D001A0696 /* libclient.a */; };
		3D4416DA231D1711001A0696 /* OpenGLES.framework in Frameworks */ = {isa = PBXBuildFile; fileRef = FDB96ED30DEFC9C700FAF19F /* OpenGLES.framework */; };
		3D4416E4231D1893001A0696 /* Metal.framework in Frameworks */ = {isa = PBXBuildFile; fileRef = 3D525D7722252AAB00DD9932 /* Metal.framework */; };
		3D4416E5231D1B05001A0696 /* GLKit.framework in Frameworks */ = {isa = PBXBuildFile; fileRef = 3D37322E229488AA00713C9C /* GLKit.framework */; };
		3D5E35DC227768B10073D791 /* Icon.png in Resources */ = {isa = PBXBuildFile; fileRef = 3D5E35D6227768B10073D791 /* Icon.png */; };
		3D5E35E3227768E40073D791 /* extras_cstrike.pak in Resources */ = {isa = PBXBuildFile; fileRef = 3D5E35E1227768E40073D791 /* extras_cstrike.pak */; };
		3D5E35E4227768E40073D791 /* extras.pak in Resources */ = {isa = PBXBuildFile; fileRef = 3D5E35E2227768E40073D791 /* extras.pak */; };
		3D5E35EC22776A8D0073D791 /* LaunchScreenStoryboard.storyboard in Resources */ = {isa = PBXBuildFile; fileRef = 3D5E35EB22776A8D0073D791 /* LaunchScreenStoryboard.storyboard */; };
		3D670D69227A30620030B7D1 /* Launch.png in Resources */ = {isa = PBXBuildFile; fileRef = 3D670D68227A30620030B7D1 /* Launch.png */; };
		3D670D7E227EE1210030B7D1 /* AppDelegate.m in Sources */ = {isa = PBXBuildFile; fileRef = 3D670D7D227EE1210030B7D1 /* AppDelegate.m */; };
		3D6C2F0F22988F6A00DACF3E /* OptionsSubAboutTableViewController.m in Sources */ = {isa = PBXBuildFile; fileRef = 3D6C2F0E22988F6A00DACF3E /* OptionsSubAboutTableViewController.m */; };
		3DA7D7F0231D258F00B5DB3A /* libclient.a in Frameworks */ = {isa = PBXBuildFile; fileRef = 3DA7D65C231D241A00B5DB3A /* libclient.a */; };
		3DA7D7F2231D25FA00B5DB3A /* dummy.cpp in Sources */ = {isa = PBXBuildFile; fileRef = 3DA7D7F1231D25FA00B5DB3A /* dummy.cpp */; };
		3DA7D7FB231D30B600B5DB3A /* libmenu.a in Frameworks */ = {isa = PBXBuildFile; fileRef = 3DA7D64B231D206C00B5DB3A /* libmenu.a */; };
		3DC1E4A82289683200114D80 /* PowerCable.png in Resources */ = {isa = PBXBuildFile; fileRef = 3DC1E4A12289683000114D80 /* PowerCable.png */; };
		3DC1E4AA2289683200114D80 /* page1_en.png in Resources */ = {isa = PBXBuildFile; fileRef = 3DC1E4A32289683100114D80 /* page1_en.png */; };
		3DC1E4AB2289683200114D80 /* MacBookiTunes.png in Resources */ = {isa = PBXBuildFile; fileRef = 3DC1E4A42289683100114D80 /* MacBookiTunes.png */; };
		3DC1E4AC2289683200114D80 /* page2_en.png in Resources */ = {isa = PBXBuildFile; fileRef = 3DC1E4A52289683100114D80 /* page2_en.png */; };
		3DC1E4AD2289683200114D80 /* iTunes.png in Resources */ = {isa = PBXBuildFile; fileRef = 3DC1E4A62289683100114D80 /* iTunes.png */; };
		3DC1E4AE2289683200114D80 /* MacBook.png in Resources */ = {isa = PBXBuildFile; fileRef = 3DC1E4A72289683100114D80 /* MacBook.png */; };
		3DC1E4B32289743100114D80 /* iTunesWindow.png in Resources */ = {isa = PBXBuildFile; fileRef = 3DC1E4B22289743100114D80 /* iTunesWindow.png */; };
		3DC1E4B52289B93000114D80 /* PowerCable2.png in Resources */ = {isa = PBXBuildFile; fileRef = 3DC1E4B42289B93000114D80 /* PowerCable2.png */; };
		3DC1E4BD2289EA9E00114D80 /* GetCSMoEResouce.png in Resources */ = {isa = PBXBuildFile; fileRef = 3DC1E4B72289EA9E00114D80 /* GetCSMoEResouce.png */; };
		3DC1E4BF2289F18500114D80 /* Steam.png in Resources */ = {isa = PBXBuildFile; fileRef = 3DC1E4BE2289F18500114D80 /* Steam.png */; };
		3DC1E4C9228AE05000114D80 /* TutorStoryboard.storyboard in Resources */ = {isa = PBXBuildFile; fileRef = 3DC1E4C8228AE05000114D80 /* TutorStoryboard.storyboard */; };
		3DC1E4CB228AE57200114D80 /* MainStoryboard.storyboard in Resources */ = {isa = PBXBuildFile; fileRef = 3DC1E4CA228AE57200114D80 /* MainStoryboard.storyboard */; };
		495E1A1A1E13199A0022E4AA /* launchdialog.m in Sources */ = {isa = PBXBuildFile; fileRef = 495E1A191E13199A0022E4AA /* launchdialog.m */; };
		498CCAC41E15618F00299D38 /* SystemConfiguration.framework in Frameworks */ = {isa = PBXBuildFile; fileRef = 498CCAC31E15618F00299D38 /* SystemConfiguration.framework */; };
		498CCAC61E1561AD00299D38 /* CFNetwork.framework in Frameworks */ = {isa = PBXBuildFile; fileRef = 498CCAC51E1561AD00299D38 /* CFNetwork.framework */; };
		49C4D60720781DAB00855677 /* GameController.framework in Frameworks */ = {isa = PBXBuildFile; fileRef = FAE0E9691BAF96A00098DFA4 /* GameController.framework */; settings = {ATTRIBUTES = (Weak, ); }; };
		FA8B4BA31967070A00F8EB7C /* CoreMotion.framework in Frameworks */ = {isa = PBXBuildFile; fileRef = FA8B4BA21967070A00F8EB7C /* CoreMotion.framework */; };
		FABA34D41D8B5E5600915323 /* AVFoundation.framework in Frameworks */ = {isa = PBXBuildFile; fileRef = FABA34D31D8B5E5600915323 /* AVFoundation.framework */; };
		FDB96EE00DEFC9DC00FAF19F /* QuartzCore.framework in Frameworks */ = {isa = PBXBuildFile; fileRef = FDB96EDF0DEFC9DC00FAF19F /* QuartzCore.framework */; };
		FDF0D7AB0E12D53800247964 /* CoreAudio.framework in Frameworks */ = {isa = PBXBuildFile; fileRef = FDF0D71D0E12D2AB00247964 /* CoreAudio.framework */; };
		FDF0D7AC0E12D53800247964 /* AudioToolbox.framework in Frameworks */ = {isa = PBXBuildFile; fileRef = FDF0D7220E12D31800247964 /* AudioToolbox.framework */; };
/* End PBXBuildFile section */

/* Begin PBXContainerItemProxy section */
		3D4410DD231D0697001A0696 /* PBXContainerItemProxy */ = {
			isa = PBXContainerItemProxy;
			containerPortal = 3D4410D9231D0697001A0696 /* server.xcodeproj */;
			proxyType = 2;
			remoteGlobalIDString = 3D4410C7231D066B001A0696;
			remoteInfo = server;
		};
		3D4413C4231D104D001A0696 /* PBXContainerItemProxy */ = {
			isa = PBXContainerItemProxy;
			containerPortal = 3D4413C0231D104D001A0696 /* client.xcodeproj */;
			proxyType = 2;
			remoteGlobalIDString = 3D4410C7231D066B001A0696;
			remoteInfo = server;
		};
		3D441703231D1E07001A0696 /* PBXContainerItemProxy */ = {
			isa = PBXContainerItemProxy;
			containerPortal = 3D4416F7231D1E07001A0696 /* SDL.xcodeproj */;
			proxyType = 2;
			remoteGlobalIDString = FD6526630DE8FCCB002AD96B;
			remoteInfo = "libSDL-iOS";
		};
		3D441705231D1E07001A0696 /* PBXContainerItemProxy */ = {
			isa = PBXContainerItemProxy;
			containerPortal = 3D4416F7231D1E07001A0696 /* SDL.xcodeproj */;
			proxyType = 2;
			remoteGlobalIDString = 52ED1E5C222889500061FCE0;
			remoteInfo = "libSDL-iOS-dylib";
		};
		3D441707231D1E07001A0696 /* PBXContainerItemProxy */ = {
			isa = PBXContainerItemProxy;
			containerPortal = 3D4416F7231D1E07001A0696 /* SDL.xcodeproj */;
			proxyType = 2;
			remoteGlobalIDString = FAB598141BB5C1B100BE72C5;
			remoteInfo = "libSDL-tvOS";
		};
		3D441709231D1E07001A0696 /* PBXContainerItemProxy */ = {
			isa = PBXContainerItemProxy;
			containerPortal = 3D4416F7231D1E07001A0696 /* SDL.xcodeproj */;
			proxyType = 2;
			remoteGlobalIDString = F3E3C7572241389A007D243C;
			remoteInfo = "libSDL-tvOS-dylib";
		};
		3D44170B231D1E07001A0696 /* PBXContainerItemProxy */ = {
			isa = PBXContainerItemProxy;
			containerPortal = 3D4416F7231D1E07001A0696 /* SDL.xcodeproj */;
			proxyType = 2;
			remoteGlobalIDString = F3E3C65222406928007D243C;
			remoteInfo = "libSDLmain-iOS";
		};
		3D44170D231D1E07001A0696 /* PBXContainerItemProxy */ = {
			isa = PBXContainerItemProxy;
			containerPortal = 3D4416F7231D1E07001A0696 /* SDL.xcodeproj */;
			proxyType = 2;
			remoteGlobalIDString = F3E3C75F224138AE007D243C;
			remoteInfo = "libSDLmain-tvOS";
		};
		3DA7D64A231D206C00B5DB3A /* PBXContainerItemProxy */ = {
			isa = PBXContainerItemProxy;
			containerPortal = 3D44160C231D1358001A0696 /* menu.xcodeproj */;
			proxyType = 2;
			remoteGlobalIDString = 3D4410C7231D066B001A0696;
			remoteInfo = menu;
		};
		3DA7D65B231D241A00B5DB3A /* PBXContainerItemProxy */ = {
			isa = PBXContainerItemProxy;
			containerPortal = 3DA7D657231D241A00B5DB3A /* engine.xcodeproj */;
			proxyType = 2;
			remoteGlobalIDString = 3D4410C7231D066B001A0696;
			remoteInfo = client;
		};
		3DA7D7F7231D263600B5DB3A /* PBXContainerItemProxy */ = {
			isa = PBXContainerItemProxy;
			containerPortal = 3DA7D7F3231D263600B5DB3A /* nanogl.xcodeproj */;
			proxyType = 2;
			remoteGlobalIDString = 3D4410C7231D066B001A0696;
			remoteInfo = xash;
		};
/* End PBXContainerItemProxy section */

/* Begin PBXFileReference section */
		1D30AB110D05D00D00671497 /* Foundation.framework */ = {isa = PBXFileReference; lastKnownFileType = wrapper.framework; name = Foundation.framework; path = System/Library/Frameworks/Foundation.framework; sourceTree = SDKROOT; };
		1D3623EB0D0F72F000981E51 /* CoreGraphics.framework */ = {isa = PBXFileReference; lastKnownFileType = wrapper.framework; name = CoreGraphics.framework; path = System/Library/Frameworks/CoreGraphics.framework; sourceTree = SDKROOT; };
		1D6058910D05DD3D006BFB54 /* csmoe-ios.app */ = {isa = PBXFileReference; explicitFileType = wrapper.application; includeInIndex = 0; path = "csmoe-ios.app"; sourceTree = BUILT_PRODUCTS_DIR; };
		1DF5F4DF0D08C38300B7A737 /* UIKit.framework */ = {isa = PBXFileReference; lastKnownFileType = wrapper.framework; name = UIKit.framework; path = System/Library/Frameworks/UIKit.framework; sourceTree = SDKROOT; };
		3D094FAE228F1D3A00F168C2 /* NewGameViewController.m */ = {isa = PBXFileReference; fileEncoding = 4; lastKnownFileType = sourcecode.c.objc; path = NewGameViewController.m; sourceTree = "<group>"; };
		3D094FAF228F1D3B00F168C2 /* TutorViewController.h */ = {isa = PBXFileReference; fileEncoding = 4; lastKnownFileType = sourcecode.c.h; path = TutorViewController.h; sourceTree = "<group>"; };
		3D094FB0228F1D3B00F168C2 /* MainViewController.m */ = {isa = PBXFileReference; fileEncoding = 4; lastKnownFileType = sourcecode.c.objc; path = MainViewController.m; sourceTree = "<group>"; };
		3D094FB1228F1D3B00F168C2 /* TutorViewController.m */ = {isa = PBXFileReference; fileEncoding = 4; lastKnownFileType = sourcecode.c.objc; path = TutorViewController.m; sourceTree = "<group>"; };
		3D094FB2228F1D3B00F168C2 /* MainViewController.h */ = {isa = PBXFileReference; fileEncoding = 4; lastKnownFileType = sourcecode.c.h; path = MainViewController.h; sourceTree = "<group>"; };
		3D094FB3228F1D3B00F168C2 /* NewGameViewController.h */ = {isa = PBXFileReference; fileEncoding = 4; lastKnownFileType = sourcecode.c.h; path = NewGameViewController.h; sourceTree = "<group>"; };
		3D094FB8228F1F1300F168C2 /* TGAlib.h */ = {isa = PBXFileReference; lastKnownFileType = sourcecode.c.h; path = TGAlib.h; sourceTree = "<group>"; };
		3D094FBE228F1F2900F168C2 /* TGAlib.m */ = {isa = PBXFileReference; lastKnownFileType = sourcecode.c.objc; path = TGAlib.m; sourceTree = "<group>"; };
		3D0FC1DB2278310100D9A961 /* libc++.tbd */ = {isa = PBXFileReference; lastKnownFileType = "sourcecode.text-based-dylib-definition"; name = "libc++.tbd"; path = "usr/lib/libc++.tbd"; sourceTree = SDKROOT; };
		3D11D3E2228F38FA00393F66 /* NewGameStoryboard.storyboard */ = {isa = PBXFileReference; lastKnownFileType = file.storyboard; path = NewGameStoryboard.storyboard; sourceTree = "<group>"; };
		3D11D3E9228F40AC00393F66 /* LandScapePicker.h */ = {isa = PBXFileReference; lastKnownFileType = sourcecode.c.h; path = LandScapePicker.h; sourceTree = "<group>"; };
		3D11D3EA228F40C900393F66 /* LandScapePicker.m */ = {isa = PBXFileReference; lastKnownFileType = sourcecode.c.objc; path = LandScapePicker.m; sourceTree = "<group>"; };
		3D11D3EC228F484F00393F66 /* GameDirViewController.h */ = {isa = PBXFileReference; lastKnownFileType = sourcecode.c.h; path = GameDirViewController.h; sourceTree = "<group>"; };
		3D11D3ED228F484F00393F66 /* GameDirViewController.m */ = {isa = PBXFileReference; lastKnownFileType = sourcecode.c.objc; path = GameDirViewController.m; sourceTree = "<group>"; };
		3D11D3EF228F560F00393F66 /* MapDetailViewController.h */ = {isa = PBXFileReference; lastKnownFileType = sourcecode.c.h; path = MapDetailViewController.h; sourceTree = "<group>"; };
		3D11D3F0228F560F00393F66 /* MapDetailViewController.m */ = {isa = PBXFileReference; lastKnownFileType = sourcecode.c.objc; path = MapDetailViewController.m; sourceTree = "<group>"; };
		3D11D3F2228F58D600393F66 /* MapMasterTableViewController.h */ = {isa = PBXFileReference; lastKnownFileType = sourcecode.c.h; path = MapMasterTableViewController.h; sourceTree = "<group>"; };
		3D11D3F3228F58D600393F66 /* MapMasterTableViewController.m */ = {isa = PBXFileReference; lastKnownFileType = sourcecode.c.objc; path = MapMasterTableViewController.m; sourceTree = "<group>"; };
		3D11D3F72291732300393F66 /* SettingsStoryboard.storyboard */ = {isa = PBXFileReference; lastKnownFileType = file.storyboard; path = SettingsStoryboard.storyboard; sourceTree = "<group>"; };
		3D11D3F922917BFC00393F66 /* SettingsSplitViewController.h */ = {isa = PBXFileReference; lastKnownFileType = sourcecode.c.h; path = SettingsSplitViewController.h; sourceTree = "<group>"; };
		3D11D3FA22917BFC00393F66 /* SettingsSplitViewController.m */ = {isa = PBXFileReference; lastKnownFileType = sourcecode.c.objc; path = SettingsSplitViewController.m; sourceTree = "<group>"; };
		3D37322E229488AA00713C9C /* GLKit.framework */ = {isa = PBXFileReference; lastKnownFileType = wrapper.framework; name = GLKit.framework; path = System/Library/Frameworks/GLKit.framework; sourceTree = SDKROOT; };
		3D3EE89D228F193400A695FE /* maps */ = {isa = PBXFileReference; lastKnownFileType = folder; name = maps; path = Resources/maps; sourceTree = "<group>"; };
		3D4410D9231D0697001A0696 /* server.xcodeproj */ = {isa = PBXFileReference; lastKnownFileType = "wrapper.pb-project"; path = server.xcodeproj; sourceTree = "<group>"; };
		3D4413C0231D104D001A0696 /* client.xcodeproj */ = {isa = PBXFileReference; lastKnownFileType = "wrapper.pb-project"; path = client.xcodeproj; sourceTree = "<group>"; };
		3D44160C231D1358001A0696 /* menu.xcodeproj */ = {isa = PBXFileReference; lastKnownFileType = "wrapper.pb-project"; path = menu.xcodeproj; sourceTree = "<group>"; };
		3D4416F7231D1E07001A0696 /* SDL.xcodeproj */ = {isa = PBXFileReference; lastKnownFileType = "wrapper.pb-project"; name = SDL.xcodeproj; path = "../SDL2/Xcode-iOS/SDL/SDL.xcodeproj"; sourceTree = "<group>"; };
		3D525D7722252AAB00DD9932 /* Metal.framework */ = {isa = PBXFileReference; lastKnownFileType = wrapper.framework; name = Metal.framework; path = System/Library/Frameworks/Metal.framework; sourceTree = SDKROOT; };
		3D5E35D6227768B10073D791 /* Icon.png */ = {isa = PBXFileReference; lastKnownFileType = image.png; name = Icon.png; path = Resources/Icon.png; sourceTree = "<group>"; };
		3D5E35E1227768E40073D791 /* extras_cstrike.pak */ = {isa = PBXFileReference; lastKnownFileType = file; name = extras_cstrike.pak; path = Resources/extras_cstrike.pak; sourceTree = "<group>"; };
		3D5E35E2227768E40073D791 /* extras.pak */ = {isa = PBXFileReference; lastKnownFileType = file; name = extras.pak; path = Resources/extras.pak; sourceTree = "<group>"; };
		3D5E35E922776A480073D791 /* Info.plist */ = {isa = PBXFileReference; fileEncoding = 4; lastKnownFileType = text.plist.xml; path = Info.plist; sourceTree = "<group>"; };
		3D5E35EB22776A8D0073D791 /* LaunchScreenStoryboard.storyboard */ = {isa = PBXFileReference; fileEncoding = 4; lastKnownFileType = file.storyboard; path = LaunchScreenStoryboard.storyboard; sourceTree = "<group>"; };
		3D670D68227A30620030B7D1 /* Launch.png */ = {isa = PBXFileReference; lastKnownFileType = image.png; name = Launch.png; path = Resources/Launch.png; sourceTree = "<group>"; };
		3D670D78227D901F0030B7D1 /* launcherdialog.h */ = {isa = PBXFileReference; lastKnownFileType = sourcecode.c.h; path = launcherdialog.h; sourceTree = "<group>"; };
		3D670D7D227EE1210030B7D1 /* AppDelegate.m */ = {isa = PBXFileReference; lastKnownFileType = sourcecode.c.objc; path = AppDelegate.m; sourceTree = "<group>"; };
		3D670D7F227F05E80030B7D1 /* AppDelegate.h */ = {isa = PBXFileReference; lastKnownFileType = sourcecode.c.h; path = AppDelegate.h; sourceTree = "<group>"; };
		3D6C2F0D22988F6A00DACF3E /* OptionsSubAboutTableViewController.h */ = {isa = PBXFileReference; lastKnownFileType = sourcecode.c.h; path = OptionsSubAboutTableViewController.h; sourceTree = "<group>"; };
		3D6C2F0E22988F6A00DACF3E /* OptionsSubAboutTableViewController.m */ = {isa = PBXFileReference; lastKnownFileType = sourcecode.c.objc; path = OptionsSubAboutTableViewController.m; sourceTree = "<group>"; };
		3DA7D657231D241A00B5DB3A /* engine.xcodeproj */ = {isa = PBXFileReference; lastKnownFileType = "wrapper.pb-project"; path = engine.xcodeproj; sourceTree = "<group>"; };
		3DA7D7F1231D25FA00B5DB3A /* dummy.cpp */ = {isa = PBXFileReference; fileEncoding = 4; lastKnownFileType = sourcecode.cpp.cpp; path = dummy.cpp; sourceTree = "<group>"; };
		3DA7D7F3231D263600B5DB3A /* nanogl.xcodeproj */ = {isa = PBXFileReference; lastKnownFileType = "wrapper.pb-project"; path = nanogl.xcodeproj; sourceTree = "<group>"; };
		3DC1E4A12289683000114D80 /* PowerCable.png */ = {isa = PBXFileReference; lastKnownFileType = image.png; name = PowerCable.png; path = Resources/PowerCable.png; sourceTree = "<group>"; };
		3DC1E4A32289683100114D80 /* page1_en.png */ = {isa = PBXFileReference; lastKnownFileType = image.png; name = page1_en.png; path = Resources/page1_en.png; sourceTree = "<group>"; };
		3DC1E4A42289683100114D80 /* MacBookiTunes.png */ = {isa = PBXFileReference; lastKnownFileType = image.png; name = MacBookiTunes.png; path = Resources/MacBookiTunes.png; sourceTree = "<group>"; };
		3DC1E4A52289683100114D80 /* page2_en.png */ = {isa = PBXFileReference; lastKnownFileType = image.png; name = page2_en.png; path = Resources/page2_en.png; sourceTree = "<group>"; };
		3DC1E4A62289683100114D80 /* iTunes.png */ = {isa = PBXFileReference; lastKnownFileType = image.png; name = iTunes.png; path = Resources/iTunes.png; sourceTree = "<group>"; };
		3DC1E4A72289683100114D80 /* MacBook.png */ = {isa = PBXFileReference; lastKnownFileType = image.png; name = MacBook.png; path = Resources/MacBook.png; sourceTree = "<group>"; };
		3DC1E4B22289743100114D80 /* iTunesWindow.png */ = {isa = PBXFileReference; lastKnownFileType = image.png; name = iTunesWindow.png; path = Resources/iTunesWindow.png; sourceTree = "<group>"; };
		3DC1E4B42289B93000114D80 /* PowerCable2.png */ = {isa = PBXFileReference; lastKnownFileType = image.png; name = PowerCable2.png; path = Resources/PowerCable2.png; sourceTree = "<group>"; };
		3DC1E4B72289EA9E00114D80 /* GetCSMoEResouce.png */ = {isa = PBXFileReference; lastKnownFileType = image.png; name = GetCSMoEResouce.png; path = Resources/GetCSMoEResouce.png; sourceTree = "<group>"; };
		3DC1E4BE2289F18500114D80 /* Steam.png */ = {isa = PBXFileReference; lastKnownFileType = image.png; name = Steam.png; path = Resources/Steam.png; sourceTree = "<group>"; };
		3DC1E4C8228AE05000114D80 /* TutorStoryboard.storyboard */ = {isa = PBXFileReference; lastKnownFileType = file.storyboard; path = TutorStoryboard.storyboard; sourceTree = "<group>"; };
		3DC1E4CA228AE57200114D80 /* MainStoryboard.storyboard */ = {isa = PBXFileReference; fileEncoding = 4; lastKnownFileType = file.storyboard; path = MainStoryboard.storyboard; sourceTree = "<group>"; };
		495E1A191E13199A0022E4AA /* launchdialog.m */ = {isa = PBXFileReference; fileEncoding = 4; lastKnownFileType = sourcecode.c.objc; path = launchdialog.m; sourceTree = "<group>"; };
		498CCAC31E15618F00299D38 /* SystemConfiguration.framework */ = {isa = PBXFileReference; lastKnownFileType = wrapper.framework; name = SystemConfiguration.framework; path = System/Library/Frameworks/SystemConfiguration.framework; sourceTree = SDKROOT; };
		498CCAC51E1561AD00299D38 /* CFNetwork.framework */ = {isa = PBXFileReference; lastKnownFileType = wrapper.framework; name = CFNetwork.framework; path = System/Library/Frameworks/CFNetwork.framework; sourceTree = SDKROOT; };
		FA8B4BA21967070A00F8EB7C /* CoreMotion.framework */ = {isa = PBXFileReference; lastKnownFileType = wrapper.framework; name = CoreMotion.framework; path = System/Library/Frameworks/CoreMotion.framework; sourceTree = SDKROOT; };
		FABA34D31D8B5E5600915323 /* AVFoundation.framework */ = {isa = PBXFileReference; lastKnownFileType = wrapper.framework; name = AVFoundation.framework; path = System/Library/Frameworks/AVFoundation.framework; sourceTree = SDKROOT; };
		FAE0E9691BAF96A00098DFA4 /* GameController.framework */ = {isa = PBXFileReference; lastKnownFileType = wrapper.framework; name = GameController.framework; path = System/Library/Frameworks/GameController.framework; sourceTree = SDKROOT; };
		FDB96ED30DEFC9C700FAF19F /* OpenGLES.framework */ = {isa = PBXFileReference; lastKnownFileType = wrapper.framework; name = OpenGLES.framework; path = System/Library/Frameworks/OpenGLES.framework; sourceTree = SDKROOT; };
		FDB96EDF0DEFC9DC00FAF19F /* QuartzCore.framework */ = {isa = PBXFileReference; lastKnownFileType = wrapper.framework; name = QuartzCore.framework; path = System/Library/Frameworks/QuartzCore.framework; sourceTree = SDKROOT; };
		FDF0D71D0E12D2AB00247964 /* CoreAudio.framework */ = {isa = PBXFileReference; lastKnownFileType = wrapper.framework; name = CoreAudio.framework; path = System/Library/Frameworks/CoreAudio.framework; sourceTree = SDKROOT; };
		FDF0D7220E12D31800247964 /* AudioToolbox.framework */ = {isa = PBXFileReference; lastKnownFileType = wrapper.framework; name = AudioToolbox.framework; path = System/Library/Frameworks/AudioToolbox.framework; sourceTree = SDKROOT; };
/* End PBXFileReference section */

/* Begin PBXFrameworksBuildPhase section */
		1D60588F0D05DD3D006BFB54 /* Frameworks */ = {
			isa = PBXFrameworksBuildPhase;
			buildActionMask = 2147483647;
			files = (
				3DA7D7F0231D258F00B5DB3A /* libclient.a in Frameworks */,
				3D44160B231D133D001A0696 /* libclient.a in Frameworks */,
				3D441367231D0B0B001A0696 /* libserver.a in Frameworks */,
				3DA7D7FB231D30B600B5DB3A /* libmenu.a in Frameworks */,
				3D4416E4231D1893001A0696 /* Metal.framework in Frameworks */,
				3D4416E5231D1B05001A0696 /* GLKit.framework in Frameworks */,
				3D4416DA231D1711001A0696 /* OpenGLES.framework in Frameworks */,
				498CCAC61E1561AD00299D38 /* CFNetwork.framework in Frameworks */,
				498CCAC41E15618F00299D38 /* SystemConfiguration.framework in Frameworks */,
				FABA34D41D8B5E5600915323 /* AVFoundation.framework in Frameworks */,
				FA8B4BA31967070A00F8EB7C /* CoreMotion.framework in Frameworks */,
				FDF0D7AB0E12D53800247964 /* CoreAudio.framework in Frameworks */,
				FDF0D7AC0E12D53800247964 /* AudioToolbox.framework in Frameworks */,
				1D60589F0D05DD5A006BFB54 /* Foundation.framework in Frameworks */,
				1DF5F4E00D08C38300B7A737 /* UIKit.framework in Frameworks */,
				1D3623EC0D0F72F000981E51 /* CoreGraphics.framework in Frameworks */,
				FDB96EE00DEFC9DC00FAF19F /* QuartzCore.framework in Frameworks */,
				49C4D60720781DAB00855677 /* GameController.framework in Frameworks */,
			);
			runOnlyForDeploymentPostprocessing = 0;
		};
/* End PBXFrameworksBuildPhase section */

/* Begin PBXGroup section */
		19C28FACFE9D520D11CA2CBB /* Products */ = {
			isa = PBXGroup;
			children = (
				1D6058910D05DD3D006BFB54 /* csmoe-ios.app */,
			);
			name = Products;
			sourceTree = "<group>";
		};
		29B97314FDCFA39411CA2CEA /* CustomTemplate */ = {
			isa = PBXGroup;
			children = (
				3D4416F7231D1E07001A0696 /* SDL.xcodeproj */,
				3DA7D657231D241A00B5DB3A /* engine.xcodeproj */,
				3D44160C231D1358001A0696 /* menu.xcodeproj */,
				3D4413C0231D104D001A0696 /* client.xcodeproj */,
				3D4410D9231D0697001A0696 /* server.xcodeproj */,
				3DA7D7F3231D263600B5DB3A /* nanogl.xcodeproj */,
				3D5E35E922776A480073D791 /* Info.plist */,
				FD77A0040E26BC0500F39101 /* CSMoE-iOS */,
				29B97317FDCFA39411CA2CEA /* Resources */,
				29B97323FDCFA39411CA2CEA /* Frameworks */,
				19C28FACFE9D520D11CA2CBB /* Products */,
			);
			name = CustomTemplate;
			sourceTree = "<group>";
			usesTabs = 1;
			wrapsLines = 0;
		};
		29B97317FDCFA39411CA2CEA /* Resources */ = {
			isa = PBXGroup;
			children = (
				3D3EE89D228F193400A695FE /* maps */,
				3DC1E4A62289683100114D80 /* iTunes.png */,
				3DC1E4A72289683100114D80 /* MacBook.png */,
				3DC1E4B72289EA9E00114D80 /* GetCSMoEResouce.png */,
				3DC1E4A42289683100114D80 /* MacBookiTunes.png */,
				3DC1E4B42289B93000114D80 /* PowerCable2.png */,
				3DC1E4A32289683100114D80 /* page1_en.png */,
				3DC1E4A52289683100114D80 /* page2_en.png */,
				3DC1E4B22289743100114D80 /* iTunesWindow.png */,
				3DC1E4BE2289F18500114D80 /* Steam.png */,
				3DC1E4A12289683000114D80 /* PowerCable.png */,
				3D5E35E1227768E40073D791 /* extras_cstrike.pak */,
				3D670D68227A30620030B7D1 /* Launch.png */,
				3D5E35E2227768E40073D791 /* extras.pak */,
				3D5E35D6227768B10073D791 /* Icon.png */,
			);
			name = Resources;
			sourceTree = "<group>";
		};
		29B97323FDCFA39411CA2CEA /* Frameworks */ = {
			isa = PBXGroup;
			children = (
				3D37322E229488AA00713C9C /* GLKit.framework */,
				3D0FC1DB2278310100D9A961 /* libc++.tbd */,
				3D525D7722252AAB00DD9932 /* Metal.framework */,
				498CCAC51E1561AD00299D38 /* CFNetwork.framework */,
				498CCAC31E15618F00299D38 /* SystemConfiguration.framework */,
				FABA34D31D8B5E5600915323 /* AVFoundation.framework */,
				FAE0E9691BAF96A00098DFA4 /* GameController.framework */,
				FA8B4BA21967070A00F8EB7C /* CoreMotion.framework */,
				FDF0D7220E12D31800247964 /* AudioToolbox.framework */,
				FDB96EDF0DEFC9DC00FAF19F /* QuartzCore.framework */,
				FDB96ED30DEFC9C700FAF19F /* OpenGLES.framework */,
				1D3623EB0D0F72F000981E51 /* CoreGraphics.framework */,
				1DF5F4DF0D08C38300B7A737 /* UIKit.framework */,
				1D30AB110D05D00D00671497 /* Foundation.framework */,
				FDF0D71D0E12D2AB00247964 /* CoreAudio.framework */,
			);
			name = Frameworks;
			sourceTree = "<group>";
		};
		3D3EE8A4228F195200A695FE /* util */ = {
			isa = PBXGroup;
			children = (
				3D094FB8228F1F1300F168C2 /* TGAlib.h */,
				3D094FBE228F1F2900F168C2 /* TGAlib.m */,
			);
			path = util;
			sourceTree = "<group>";
		};
		3D3EE8A6228F197200A695FE /* view */ = {
			isa = PBXGroup;
			children = (
				3D5E35EB22776A8D0073D791 /* LaunchScreenStoryboard.storyboard */,
				3DC1E4CA228AE57200114D80 /* MainStoryboard.storyboard */,
				3DC1E4C8228AE05000114D80 /* TutorStoryboard.storyboard */,
				3D11D3E2228F38FA00393F66 /* NewGameStoryboard.storyboard */,
				3D11D3E9228F40AC00393F66 /* LandScapePicker.h */,
				3D11D3EA228F40C900393F66 /* LandScapePicker.m */,
				3D11D3F72291732300393F66 /* SettingsStoryboard.storyboard */,
			);
			path = view;
			sourceTree = "<group>";
		};
		3D3EE8A7228F19A900A695FE /* model */ = {
			isa = PBXGroup;
			children = (
				495E1A191E13199A0022E4AA /* launchdialog.m */,
				3D670D78227D901F0030B7D1 /* launcherdialog.h */,
				3D670D7D227EE1210030B7D1 /* AppDelegate.m */,
				3D670D7F227F05E80030B7D1 /* AppDelegate.h */,
			);
			path = model;
			sourceTree = "<group>";
		};
		3D3EE8A9228F1C6300A695FE /* controller */ = {
			isa = PBXGroup;
			children = (
				3D094FB2228F1D3B00F168C2 /* MainViewController.h */,
				3D094FB0228F1D3B00F168C2 /* MainViewController.m */,
				3D094FB3228F1D3B00F168C2 /* NewGameViewController.h */,
				3D094FAE228F1D3A00F168C2 /* NewGameViewController.m */,
				3D094FAF228F1D3B00F168C2 /* TutorViewController.h */,
				3D094FB1228F1D3B00F168C2 /* TutorViewController.m */,
				3D11D3EC228F484F00393F66 /* GameDirViewController.h */,
				3D11D3ED228F484F00393F66 /* GameDirViewController.m */,
				3D11D3EF228F560F00393F66 /* MapDetailViewController.h */,
				3D11D3F0228F560F00393F66 /* MapDetailViewController.m */,
				3D11D3F2228F58D600393F66 /* MapMasterTableViewController.h */,
				3D11D3F3228F58D600393F66 /* MapMasterTableViewController.m */,
				3D11D3F922917BFC00393F66 /* SettingsSplitViewController.h */,
				3D11D3FA22917BFC00393F66 /* SettingsSplitViewController.m */,
				3D6C2F0D22988F6A00DACF3E /* OptionsSubAboutTableViewController.h */,
				3D6C2F0E22988F6A00DACF3E /* OptionsSubAboutTableViewController.m */,
			);
			path = controller;
			sourceTree = "<group>";
		};
		3D4410DA231D0697001A0696 /* Products */ = {
			isa = PBXGroup;
			children = (
				3D4410DE231D0697001A0696 /* libserver.a */,
			);
			name = Products;
			sourceTree = "<group>";
		};
		3D4413C1231D104D001A0696 /* Products */ = {
			isa = PBXGroup;
			children = (
				3D4413C5231D104D001A0696 /* libclient.a */,
			);
			name = Products;
			sourceTree = "<group>";
		};
		3D4416F8231D1E07001A0696 /* Products */ = {
			isa = PBXGroup;
			children = (
				3D441704231D1E07001A0696 /* libSDL2.a */,
				3D441706231D1E07001A0696 /* libSDL2.dylib */,
				3D441708231D1E07001A0696 /* libSDL2.a */,
				3D44170A231D1E07001A0696 /* libSDL2.dylib */,
				3D44170C231D1E07001A0696 /* libSDLmain.a */,
				3D44170E231D1E07001A0696 /* libSDLmain.a */,
			);
			name = Products;
			sourceTree = "<group>";
		};
		3DA7D646231D206C00B5DB3A /* Products */ = {
			isa = PBXGroup;
			children = (
				3DA7D64B231D206C00B5DB3A /* libmenu.a */,
			);
			name = Products;
			sourceTree = "<group>";
		};
		3DA7D658231D241A00B5DB3A /* Products */ = {
			isa = PBXGroup;
			children = (
				3DA7D65C231D241A00B5DB3A /* libclient.a */,
			);
			name = Products;
			sourceTree = "<group>";
		};
		3DA7D7F4231D263600B5DB3A /* Products */ = {
			isa = PBXGroup;
			children = (
				3DA7D7F8231D263600B5DB3A /* libxash.a */,
			);
			name = Products;
			sourceTree = "<group>";
		};
		FD77A0040E26BC0500F39101 /* CSMoE-iOS */ = {
			isa = PBXGroup;
			children = (
				3DA7D7F1231D25FA00B5DB3A /* dummy.cpp */,
				3D3EE8A9228F1C6300A695FE /* controller */,
				3D3EE8A7228F19A900A695FE /* model */,
				3D3EE8A6228F197200A695FE /* view */,
				3D3EE8A4228F195200A695FE /* util */,
			);
			path = "CSMoE-iOS";
			sourceTree = "<group>";
		};
/* End PBXGroup section */

/* Begin PBXNativeTarget section */
		1D6058900D05DD3D006BFB54 /* CSMoE-iOS */ = {
			isa = PBXNativeTarget;
			buildConfigurationList = 1D6058960D05DD3E006BFB54 /* Build configuration list for PBXNativeTarget "CSMoE-iOS" */;
			buildPhases = (
				1D60588F0D05DD3D006BFB54 /* Frameworks */,
				1D60588E0D05DD3D006BFB54 /* Sources */,
				1D60588D0D05DD3D006BFB54 /* Resources */,
			);
			buildRules = (
			);
			dependencies = (
			);
			name = "CSMoE-iOS";
			productName = SDLiPodTest;
			productReference = 1D6058910D05DD3D006BFB54 /* csmoe-ios.app */;
			productType = "com.apple.product-type.application";
		};
/* End PBXNativeTarget section */

/* Begin PBXProject section */
		29B97313FDCFA39411CA2CEA /* Project object */ = {
			isa = PBXProject;
			attributes = {
				LastUpgradeCheck = 1030;
				TargetAttributes = {
					1D6058900D05DD3D006BFB54 = {
						DevelopmentTeam = S7JUSAWPG8;
						ProvisioningStyle = Automatic;
					};
				};
			};
			buildConfigurationList = C01FCF4E08A954540054247B /* Build configuration list for PBXProject "CSMoE-iOS" */;
			compatibilityVersion = "Xcode 3.2";
			developmentRegion = English;
			hasScannedForEncodings = 1;
			knownRegions = (
				English,
				Japanese,
				French,
				German,
				Base,
			);
			mainGroup = 29B97314FDCFA39411CA2CEA /* CustomTemplate */;
			projectDirPath = "";
			projectReferences = (
				{
					ProductGroup = 3D4413C1231D104D001A0696 /* Products */;
					ProjectRef = 3D4413C0231D104D001A0696 /* client.xcodeproj */;
				},
				{
					ProductGroup = 3DA7D658231D241A00B5DB3A /* Products */;
					ProjectRef = 3DA7D657231D241A00B5DB3A /* engine.xcodeproj */;
				},
				{
					ProductGroup = 3DA7D646231D206C00B5DB3A /* Products */;
					ProjectRef = 3D44160C231D1358001A0696 /* menu.xcodeproj */;
				},
				{
					ProductGroup = 3DA7D7F4231D263600B5DB3A /* Products */;
					ProjectRef = 3DA7D7F3231D263600B5DB3A /* nanogl.xcodeproj */;
				},
				{
					ProductGroup = 3D4416F8231D1E07001A0696 /* Products */;
					ProjectRef = 3D4416F7231D1E07001A0696 /* SDL.xcodeproj */;
				},
				{
					ProductGroup = 3D4410DA231D0697001A0696 /* Products */;
					ProjectRef = 3D4410D9231D0697001A0696 /* server.xcodeproj */;
				},
			);
			projectRoot = "";
			targets = (
				1D6058900D05DD3D006BFB54 /* CSMoE-iOS */,
			);
		};
/* End PBXProject section */

/* Begin PBXReferenceProxy section */
		3D4410DE231D0697001A0696 /* libserver.a */ = {
			isa = PBXReferenceProxy;
			fileType = archive.ar;
			path = libserver.a;
			remoteRef = 3D4410DD231D0697001A0696 /* PBXContainerItemProxy */;
			sourceTree = BUILT_PRODUCTS_DIR;
		};
		3D4413C5231D104D001A0696 /* libclient.a */ = {
			isa = PBXReferenceProxy;
			fileType = archive.ar;
			path = libclient.a;
			remoteRef = 3D4413C4231D104D001A0696 /* PBXContainerItemProxy */;
			sourceTree = BUILT_PRODUCTS_DIR;
		};
		3D441704231D1E07001A0696 /* libSDL2.a */ = {
			isa = PBXReferenceProxy;
			fileType = archive.ar;
			path = libSDL2.a;
			remoteRef = 3D441703231D1E07001A0696 /* PBXContainerItemProxy */;
			sourceTree = BUILT_PRODUCTS_DIR;
		};
		3D441706231D1E07001A0696 /* libSDL2.dylib */ = {
			isa = PBXReferenceProxy;
			fileType = archive.ar;
			path = libSDL2.dylib;
			remoteRef = 3D441705231D1E07001A0696 /* PBXContainerItemProxy */;
			sourceTree = BUILT_PRODUCTS_DIR;
		};
		3D441708231D1E07001A0696 /* libSDL2.a */ = {
			isa = PBXReferenceProxy;
			fileType = archive.ar;
			path = libSDL2.a;
			remoteRef = 3D441707231D1E07001A0696 /* PBXContainerItemProxy */;
			sourceTree = BUILT_PRODUCTS_DIR;
		};
		3D44170A231D1E07001A0696 /* libSDL2.dylib */ = {
			isa = PBXReferenceProxy;
			fileType = archive.ar;
			path = libSDL2.dylib;
			remoteRef = 3D441709231D1E07001A0696 /* PBXContainerItemProxy */;
			sourceTree = BUILT_PRODUCTS_DIR;
		};
		3D44170C231D1E07001A0696 /* libSDLmain.a */ = {
			isa = PBXReferenceProxy;
			fileType = archive.ar;
			path = libSDLmain.a;
			remoteRef = 3D44170B231D1E07001A0696 /* PBXContainerItemProxy */;
			sourceTree = BUILT_PRODUCTS_DIR;
		};
		3D44170E231D1E07001A0696 /* libSDLmain.a */ = {
			isa = PBXReferenceProxy;
			fileType = archive.ar;
			path = libSDLmain.a;
			remoteRef = 3D44170D231D1E07001A0696 /* PBXContainerItemProxy */;
			sourceTree = BUILT_PRODUCTS_DIR;
		};
		3DA7D64B231D206C00B5DB3A /* libmenu.a */ = {
			isa = PBXReferenceProxy;
			fileType = archive.ar;
			path = libmenu.a;
			remoteRef = 3DA7D64A231D206C00B5DB3A /* PBXContainerItemProxy */;
			sourceTree = BUILT_PRODUCTS_DIR;
		};
		3DA7D65C231D241A00B5DB3A /* libclient.a */ = {
			isa = PBXReferenceProxy;
			fileType = archive.ar;
			path = libclient.a;
			remoteRef = 3DA7D65B231D241A00B5DB3A /* PBXContainerItemProxy */;
			sourceTree = BUILT_PRODUCTS_DIR;
		};
		3DA7D7F8231D263600B5DB3A /* libxash.a */ = {
			isa = PBXReferenceProxy;
			fileType = archive.ar;
			path = libxash.a;
			remoteRef = 3DA7D7F7231D263600B5DB3A /* PBXContainerItemProxy */;
			sourceTree = BUILT_PRODUCTS_DIR;
		};
/* End PBXReferenceProxy section */

/* Begin PBXResourcesBuildPhase section */
		1D60588D0D05DD3D006BFB54 /* Resources */ = {
			isa = PBXResourcesBuildPhase;
			buildActionMask = 2147483647;
			files = (
				3DC1E4AB2289683200114D80 /* MacBookiTunes.png in Resources */,
				3D3EE8A3228F193400A695FE /* maps in Resources */,
				3DC1E4B32289743100114D80 /* iTunesWindow.png in Resources */,
				3DC1E4AA2289683200114D80 /* page1_en.png in Resources */,
				3DC1E4CB228AE57200114D80 /* MainStoryboard.storyboard in Resources */,
				3DC1E4AC2289683200114D80 /* page2_en.png in Resources */,
				3DC1E4A82289683200114D80 /* PowerCable.png in Resources */,
				3D5E35EC22776A8D0073D791 /* LaunchScreenStoryboard.storyboard in Resources */,
				3DC1E4B52289B93000114D80 /* PowerCable2.png in Resources */,
				3DC1E4AD2289683200114D80 /* iTunes.png in Resources */,
				3DC1E4AE2289683200114D80 /* MacBook.png in Resources */,
				3DC1E4C9228AE05000114D80 /* TutorStoryboard.storyboard in Resources */,
				3DC1E4BD2289EA9E00114D80 /* GetCSMoEResouce.png in Resources */,
				3D11D3F82291732300393F66 /* SettingsStoryboard.storyboard in Resources */,
				3DC1E4BF2289F18500114D80 /* Steam.png in Resources */,
				3D5E35E4227768E40073D791 /* extras.pak in Resources */,
				3D5E35DC227768B10073D791 /* Icon.png in Resources */,
				3D5E35E3227768E40073D791 /* extras_cstrike.pak in Resources */,
				3D11D3E3228F38FA00393F66 /* NewGameStoryboard.storyboard in Resources */,
				3D670D69227A30620030B7D1 /* Launch.png in Resources */,
			);
			runOnlyForDeploymentPostprocessing = 0;
		};
/* End PBXResourcesBuildPhase section */

/* Begin PBXSourcesBuildPhase section */
		1D60588E0D05DD3D006BFB54 /* Sources */ = {
			isa = PBXSourcesBuildPhase;
			buildActionMask = 2147483647;
			files = (
				495E1A1A1E13199A0022E4AA /* launchdialog.m in Sources */,
				3D11D3EB228F40C900393F66 /* LandScapePicker.m in Sources */,
				3D11D3F1228F560F00393F66 /* MapDetailViewController.m in Sources */,
				3D094FB4228F1D3B00F168C2 /* NewGameViewController.m in Sources */,
				3D11D3EE228F484F00393F66 /* GameDirViewController.m in Sources */,
				3DA7D7F2231D25FA00B5DB3A /* dummy.cpp in Sources */,
				3D11D3F4228F58D600393F66 /* MapMasterTableViewController.m in Sources */,
				3D11D3FB22917BFC00393F66 /* SettingsSplitViewController.m in Sources */,
				3D094FBF228F1F2900F168C2 /* TGAlib.m in Sources */,
				3D670D7E227EE1210030B7D1 /* AppDelegate.m in Sources */,
				3D094FB5228F1D3B00F168C2 /* MainViewController.m in Sources */,
				3D094FB6228F1D3B00F168C2 /* TutorViewController.m in Sources */,
				3D6C2F0F22988F6A00DACF3E /* OptionsSubAboutTableViewController.m in Sources */,
			);
			runOnlyForDeploymentPostprocessing = 0;
		};
/* End PBXSourcesBuildPhase section */

/* Begin XCBuildConfiguration section */
		1D6058940D05DD3E006BFB54 /* Debug */ = {
			isa = XCBuildConfiguration;
			buildSettings = {
				CLANG_ENABLE_OBJC_WEAK = YES;
				CODE_SIGN_IDENTITY = "iPhone Developer";
				CODE_SIGN_STYLE = Automatic;
				DEVELOPMENT_TEAM = S7JUSAWPG8;
				FRAMEWORK_SEARCH_PATHS = (
					"$(inherited)",
					"$(PROJECT_DIR)",
				);
				GCC_OPTIMIZATION_LEVEL = 1;
				GCC_UNROLL_LOOPS = NO;
				GENERATE_MASTER_OBJECT_FILE = YES;
				HEADER_SEARCH_PATHS = (
					../engine,
					../engine/common,
					../common,
					../SDL2/include,
					../,
				);
				INFOPLIST_FILE = Info.plist;
				IPHONEOS_DEPLOYMENT_TARGET = 9.0;
				LIBRARY_SEARCH_PATHS = (
					"$(inherited)",
					"$(PROJECT_DIR)",
					"$(PROJECT_DIR)/Resources",
				);
				OTHER_CFLAGS = "";
				OTHER_LDFLAGS = "";
				PRODUCT_BUNDLE_IDENTIFIER = com.moemod.csmoe;
				PRODUCT_NAME = "csmoe-ios";
				PROVISIONING_PROFILE_SPECIFIER = "";
				TARGETED_DEVICE_FAMILY = "1,2";
				VALID_ARCHS = "arm64 arm64e armv7 armv7s";
			};
			name = Debug;
		};
		3D6C2EFE229841B200DACF3E /* Release */ = {
			isa = XCBuildConfiguration;
			buildSettings = {
				CLANG_ANALYZER_LOCALIZABILITY_NONLOCALIZED = YES;
				CLANG_WARN_BLOCK_CAPTURE_AUTORELEASING = YES;
				CLANG_WARN_BOOL_CONVERSION = YES;
				CLANG_WARN_COMMA = YES;
				CLANG_WARN_CONSTANT_CONVERSION = YES;
				CLANG_WARN_DEPRECATED_OBJC_IMPLEMENTATIONS = YES;
				CLANG_WARN_EMPTY_BODY = YES;
				CLANG_WARN_ENUM_CONVERSION = YES;
				CLANG_WARN_INFINITE_RECURSION = YES;
				CLANG_WARN_INT_CONVERSION = YES;
				CLANG_WARN_NON_LITERAL_NULL_CONVERSION = YES;
				CLANG_WARN_OBJC_IMPLICIT_RETAIN_SELF = YES;
				CLANG_WARN_OBJC_LITERAL_CONVERSION = YES;
				CLANG_WARN_RANGE_LOOP_ANALYSIS = YES;
				CLANG_WARN_STRICT_PROTOTYPES = YES;
				CLANG_WARN_SUSPICIOUS_MOVE = YES;
				CLANG_WARN_UNREACHABLE_CODE = YES;
				CLANG_WARN__DUPLICATE_METHOD_MATCH = YES;
				"CODE_SIGN_IDENTITY[sdk=iphoneos*]" = "iPhone Developer";
				ENABLE_STRICT_OBJC_MSGSEND = YES;
				ENABLE_TESTABILITY = YES;
				GCC_NO_COMMON_BLOCKS = YES;
				GCC_OPTIMIZATION_LEVEL = 0;
				GCC_WARN_64_TO_32_BIT_CONVERSION = YES;
				GCC_WARN_ABOUT_RETURN_TYPE = YES;
				GCC_WARN_UNDECLARED_SELECTOR = YES;
				GCC_WARN_UNINITIALIZED_AUTOS = YES;
				GCC_WARN_UNUSED_FUNCTION = YES;
				GCC_WARN_UNUSED_VARIABLE = YES;
				HEADER_SEARCH_PATHS = "";
				IPHONEOS_DEPLOYMENT_TARGET = 8.0;
				ONLY_ACTIVE_ARCH = NO;
				PRELINK_LIBS = "";
				SDKROOT = iphoneos;
				TARGETED_DEVICE_FAMILY = "1,2";
			};
			name = Release;
		};
		3D6C2EFF229841B200DACF3E /* Release */ = {
			isa = XCBuildConfiguration;
			buildSettings = {
				CLANG_ENABLE_OBJC_WEAK = YES;
				CODE_SIGN_IDENTITY = "iPhone Developer";
				CODE_SIGN_STYLE = Automatic;
				DEVELOPMENT_TEAM = S7JUSAWPG8;
				FRAMEWORK_SEARCH_PATHS = (
					"$(inherited)",
					"$(PROJECT_DIR)",
				);
				GCC_OPTIMIZATION_LEVEL = fast;
				GCC_UNROLL_LOOPS = YES;
				GENERATE_MASTER_OBJECT_FILE = YES;
				HEADER_SEARCH_PATHS = (
					../engine,
					../engine/common,
					../common,
					../SDL2/include,
					../,
				);
				INFOPLIST_FILE = Info.plist;
				IPHONEOS_DEPLOYMENT_TARGET = 9.0;
				LIBRARY_SEARCH_PATHS = (
					"$(inherited)",
					"$(PROJECT_DIR)",
					"$(PROJECT_DIR)/Resources",
				);
				ONLY_ACTIVE_ARCH = NO;
				OTHER_CFLAGS = "";
				OTHER_LDFLAGS = "";
				PRODUCT_BUNDLE_IDENTIFIER = com.moemod.csmoe;
				PRODUCT_NAME = "csmoe-ios";
				PROVISIONING_PROFILE_SPECIFIER = "";
				TARGETED_DEVICE_FAMILY = "1,2";
				VALID_ARCHS = "arm64 arm64e armv7 armv7s";
			};
			name = Release;
		};
		C01FCF4F08A954540054247B /* Debug */ = {
			isa = XCBuildConfiguration;
			buildSettings = {
				CLANG_ANALYZER_LOCALIZABILITY_NONLOCALIZED = YES;
				CLANG_WARN_BLOCK_CAPTURE_AUTORELEASING = YES;
				CLANG_WARN_BOOL_CONVERSION = YES;
				CLANG_WARN_COMMA = YES;
				CLANG_WARN_CONSTANT_CONVERSION = YES;
				CLANG_WARN_DEPRECATED_OBJC_IMPLEMENTATIONS = YES;
				CLANG_WARN_EMPTY_BODY = YES;
				CLANG_WARN_ENUM_CONVERSION = YES;
				CLANG_WARN_INFINITE_RECURSION = YES;
				CLANG_WARN_INT_CONVERSION = YES;
				CLANG_WARN_NON_LITERAL_NULL_CONVERSION = YES;
				CLANG_WARN_OBJC_IMPLICIT_RETAIN_SELF = YES;
				CLANG_WARN_OBJC_LITERAL_CONVERSION = YES;
				CLANG_WARN_RANGE_LOOP_ANALYSIS = YES;
				CLANG_WARN_STRICT_PROTOTYPES = YES;
				CLANG_WARN_SUSPICIOUS_MOVE = YES;
				CLANG_WARN_UNREACHABLE_CODE = YES;
				CLANG_WARN__DUPLICATE_METHOD_MATCH = YES;
				"CODE_SIGN_IDENTITY[sdk=iphoneos*]" = "iPhone Developer";
				ENABLE_STRICT_OBJC_MSGSEND = YES;
				ENABLE_TESTABILITY = YES;
				GCC_NO_COMMON_BLOCKS = YES;
				GCC_OPTIMIZATION_LEVEL = 0;
				GCC_WARN_64_TO_32_BIT_CONVERSION = YES;
				GCC_WARN_ABOUT_RETURN_TYPE = YES;
				GCC_WARN_UNDECLARED_SELECTOR = YES;
				GCC_WARN_UNINITIALIZED_AUTOS = YES;
				GCC_WARN_UNUSED_FUNCTION = YES;
				GCC_WARN_UNUSED_VARIABLE = YES;
				HEADER_SEARCH_PATHS = "";
				IPHONEOS_DEPLOYMENT_TARGET = 8.0;
				ONLY_ACTIVE_ARCH = YES;
				PRELINK_LIBS = "";
				SDKROOT = iphoneos;
				TARGETED_DEVICE_FAMILY = "1,2";
			};
			name = Debug;
		};
/* End XCBuildConfiguration section */

/* Begin XCConfigurationList section */
		1D6058960D05DD3E006BFB54 /* Build configuration list for PBXNativeTarget "CSMoE-iOS" */ = {
			isa = XCConfigurationList;
			buildConfigurations = (
				1D6058940D05DD3E006BFB54 /* Debug */,
				3D6C2EFF229841B200DACF3E /* Release */,
			);
			defaultConfigurationIsVisible = 0;
			defaultConfigurationName = Release;
		};
		C01FCF4E08A954540054247B /* Build configuration list for PBXProject "CSMoE-iOS" */ = {
			isa = XCConfigurationList;
			buildConfigurations = (
				C01FCF4F08A954540054247B /* Debug */,
				3D6C2EFE229841B200DACF3E /* Release */,
			);
			defaultConfigurationIsVisible = 0;
			defaultConfigurationName = Release;
		};
/* End XCConfigurationList section */
	};
	rootObject = 29B97313FDCFA39411CA2CEA /* Project object */;
}
