// !$*UTF8*$!
{
	archiveVersion = 1;
	classes = {
	};
	objectVersion = 50;
	objects = {

/* Begin PBXBuildFile section */
		3DA7D74D231D247D00B5DB3A /* TapicEngine.mm in Sources */ = {isa = PBXBuildFile; fileRef = 3DA7D670231D247D00B5DB3A /* TapicEngine.mm */; };
		3DA7D74E231D247D00B5DB3A /* gl_sdl.c in Sources */ = {isa = PBXBuildFile; fileRef = 3DA7D677231D247D00B5DB3A /* gl_sdl.c */; };
		3DA7D74F231D247D00B5DB3A /* events.c in Sources */ = {isa = PBXBuildFile; fileRef = 3DA7D678231D247D00B5DB3A /* events.c */; };
		3DA7D750231D247D00B5DB3A /* snd_sdl.c in Sources */ = {isa = PBXBuildFile; fileRef = 3DA7D679231D247D00B5DB3A /* snd_sdl.c */; };
		3DA7D751231D247D00B5DB3A /* vid_sdl.c in Sources */ = {isa = PBXBuildFile; fileRef = 3DA7D67A231D247D00B5DB3A /* vid_sdl.c */; };
		3DA7D757231D247D00B5DB3A /* sv_save.c in Sources */ = {isa = PBXBuildFile; fileRef = 3DA7D686231D247D00B5DB3A /* sv_save.c */; };
		3DA7D758231D247D00B5DB3A /* sv_cmds.c in Sources */ = {isa = PBXBuildFile; fileRef = 3DA7D687231D247D00B5DB3A /* sv_cmds.c */; };
		3DA7D759231D247D00B5DB3A /* sv_main.c in Sources */ = {isa = PBXBuildFile; fileRef = 3DA7D688231D247D00B5DB3A /* sv_main.c */; };
		3DA7D75A231D247D00B5DB3A /* sv_client.c in Sources */ = {isa = PBXBuildFile; fileRef = 3DA7D689231D247D00B5DB3A /* sv_client.c */; };
		3DA7D75B231D247D00B5DB3A /* sv_frame.c in Sources */ = {isa = PBXBuildFile; fileRef = 3DA7D68A231D247D00B5DB3A /* sv_frame.c */; };
		3DA7D75C231D247D00B5DB3A /* sv_custom.c in Sources */ = {isa = PBXBuildFile; fileRef = 3DA7D68B231D247D00B5DB3A /* sv_custom.c */; };
		3DA7D75D231D247D00B5DB3A /* sv_phys.c in Sources */ = {isa = PBXBuildFile; fileRef = 3DA7D68C231D247D00B5DB3A /* sv_phys.c */; };
		3DA7D75E231D247D00B5DB3A /* sv_pmove.c in Sources */ = {isa = PBXBuildFile; fileRef = 3DA7D68D231D247D00B5DB3A /* sv_pmove.c */; };
		3DA7D75F231D247D00B5DB3A /* sv_move.c in Sources */ = {isa = PBXBuildFile; fileRef = 3DA7D68E231D247D00B5DB3A /* sv_move.c */; };
		3DA7D760231D247D00B5DB3A /* sv_filter.c in Sources */ = {isa = PBXBuildFile; fileRef = 3DA7D68F231D247D00B5DB3A /* sv_filter.c */; };
		3DA7D761231D247D00B5DB3A /* sv_init.c in Sources */ = {isa = PBXBuildFile; fileRef = 3DA7D690231D247D00B5DB3A /* sv_init.c */; };
		3DA7D762231D247D00B5DB3A /* sv_log.c in Sources */ = {isa = PBXBuildFile; fileRef = 3DA7D691231D247D00B5DB3A /* sv_log.c */; };
		3DA7D763231D247D00B5DB3A /* sv_game.c in Sources */ = {isa = PBXBuildFile; fileRef = 3DA7D692231D247D00B5DB3A /* sv_game.c */; };
		3DA7D764231D247D00B5DB3A /* sv_world.c in Sources */ = {isa = PBXBuildFile; fileRef = 3DA7D694231D247D00B5DB3A /* sv_world.c */; };
		3DA7D765231D247D00B5DB3A /* network.c in Sources */ = {isa = PBXBuildFile; fileRef = 3DA7D69A231D247D00B5DB3A /* network.c */; };
		3DA7D766231D247D00B5DB3A /* common.c in Sources */ = {isa = PBXBuildFile; fileRef = 3DA7D69B231D247D00B5DB3A /* common.c */; };
		3DA7D767231D247D00B5DB3A /* con_utils.c in Sources */ = {isa = PBXBuildFile; fileRef = 3DA7D69C231D247D00B5DB3A /* con_utils.c */; };
		3DA7D768231D247D00B5DB3A /* model.c in Sources */ = {isa = PBXBuildFile; fileRef = 3DA7D6A0231D247D00B5DB3A /* model.c */; };
		3DA7D769231D247D00B5DB3A /* titles.c in Sources */ = {isa = PBXBuildFile; fileRef = 3DA7D6A1231D247D00B5DB3A /* titles.c */; };
		3DA7D76A231D247D00B5DB3A /* net_huff.c in Sources */ = {isa = PBXBuildFile; fileRef = 3DA7D6A2231D247D00B5DB3A /* net_huff.c */; };
		3DA7D76B231D247D00B5DB3A /* img_tga.c in Sources */ = {isa = PBXBuildFile; fileRef = 3DA7D6A4231D247D00B5DB3A /* img_tga.c */; };
		3DA7D76C231D247D00B5DB3A /* img_wad.c in Sources */ = {isa = PBXBuildFile; fileRef = 3DA7D6A5231D247D00B5DB3A /* img_wad.c */; };
		3DA7D76D231D247D00B5DB3A /* img_bmp.c in Sources */ = {isa = PBXBuildFile; fileRef = 3DA7D6A6231D247D00B5DB3A /* img_bmp.c */; };
		3DA7D76E231D247D00B5DB3A /* img_quant.c in Sources */ = {isa = PBXBuildFile; fileRef = 3DA7D6A7231D247D00B5DB3A /* img_quant.c */; };
		3DA7D76F231D247D00B5DB3A /* img_utils.c in Sources */ = {isa = PBXBuildFile; fileRef = 3DA7D6A9231D247D00B5DB3A /* img_utils.c */; };
		3DA7D770231D247D00B5DB3A /* img_main.c in Sources */ = {isa = PBXBuildFile; fileRef = 3DA7D6AA231D247D00B5DB3A /* img_main.c */; };
		3DA7D771231D247D00B5DB3A /* img_dds.c in Sources */ = {isa = PBXBuildFile; fileRef = 3DA7D6AB231D247D00B5DB3A /* img_dds.c */; };
		3DA7D772231D247D00B5DB3A /* Sequence.c in Sources */ = {isa = PBXBuildFile; fileRef = 3DA7D6AD231D247D00B5DB3A /* Sequence.c */; };
		3DA7D773231D247D00B5DB3A /* matrixlib.c in Sources */ = {isa = PBXBuildFile; fileRef = 3DA7D6AF231D247D00B5DB3A /* matrixlib.c */; };
		3DA7D774231D247D00B5DB3A /* mod_studio.c in Sources */ = {isa = PBXBuildFile; fileRef = 3DA7D6B0231D247D00B5DB3A /* mod_studio.c */; };
		3DA7D775231D247D00B5DB3A /* dedicated.c in Sources */ = {isa = PBXBuildFile; fileRef = 3DA7D6B3231D247D00B5DB3A /* dedicated.c */; };
		3DA7D776231D247D00B5DB3A /* system.c in Sources */ = {isa = PBXBuildFile; fileRef = 3DA7D6B5231D247D00B5DB3A /* system.c */; };
		3DA7D777231D247D00B5DB3A /* hpak.c in Sources */ = {isa = PBXBuildFile; fileRef = 3DA7D6B6231D247D00B5DB3A /* hpak.c */; };
		3DA7D778231D247D00B5DB3A /* world.c in Sources */ = {isa = PBXBuildFile; fileRef = 3DA7D6B7231D247D00B5DB3A /* world.c */; };
		3DA7D779231D247D00B5DB3A /* sys_con.c in Sources */ = {isa = PBXBuildFile; fileRef = 3DA7D6B8231D247D00B5DB3A /* sys_con.c */; };
		3DA7D77A231D247D00B5DB3A /* random.c in Sources */ = {isa = PBXBuildFile; fileRef = 3DA7D6B9231D247D00B5DB3A /* random.c */; };
		3DA7D77B231D247D00B5DB3A /* cfgscript.c in Sources */ = {isa = PBXBuildFile; fileRef = 3DA7D6BA231D247D00B5DB3A /* cfgscript.c */; };
		3DA7D77C231D247D00B5DB3A /* mod_decryptor.cpp in Sources */ = {isa = PBXBuildFile; fileRef = 3DA7D6BC231D247D00B5DB3A /* mod_decryptor.cpp */; };
		3DA7D77D231D247D00B5DB3A /* crtlib.c in Sources */ = {isa = PBXBuildFile; fileRef = 3DA7D6BD231D247D00B5DB3A /* crtlib.c */; };
		3DA7D77E231D247D00B5DB3A /* cmd.c in Sources */ = {isa = PBXBuildFile; fileRef = 3DA7D6C0231D247D00B5DB3A /* cmd.c */; };
		3DA7D77F231D247D00B5DB3A /* identification.c in Sources */ = {isa = PBXBuildFile; fileRef = 3DA7D6C1231D247D00B5DB3A /* identification.c */; };
		3DA7D780231D247D00B5DB3A /* zone.c in Sources */ = {isa = PBXBuildFile; fileRef = 3DA7D6C2231D247D00B5DB3A /* zone.c */; };
		3DA7D781231D247D00B5DB3A /* pm_trace.c in Sources */ = {isa = PBXBuildFile; fileRef = 3DA7D6C4231D247D00B5DB3A /* pm_trace.c */; };
		3DA7D782231D247D00B5DB3A /* library_static.c in Sources */ = {isa = PBXBuildFile; fileRef = 3DA7D6C6231D247D00B5DB3A /* library_static.c */; };
		3DA7D783231D247D00B5DB3A /* filesystem.c in Sources */ = {isa = PBXBuildFile; fileRef = 3DA7D6C7231D247D00B5DB3A /* filesystem.c */; };
		3DA7D784231D247D00B5DB3A /* library.c in Sources */ = {isa = PBXBuildFile; fileRef = 3DA7D6C8231D247D00B5DB3A /* library.c */; };
		3DA7D785231D247D00B5DB3A /* build.c in Sources */ = {isa = PBXBuildFile; fileRef = 3DA7D6C9231D247D00B5DB3A /* build.c */; };
		3DA7D786231D247D00B5DB3A /* host.c in Sources */ = {isa = PBXBuildFile; fileRef = 3DA7D6CA231D247D00B5DB3A /* host.c */; };
		3DA7D787231D247D00B5DB3A /* crclib.c in Sources */ = {isa = PBXBuildFile; fileRef = 3DA7D6CD231D247D00B5DB3A /* crclib.c */; };
		3DA7D788231D247D00B5DB3A /* net_buffer.c in Sources */ = {isa = PBXBuildFile; fileRef = 3DA7D6CE231D247D00B5DB3A /* net_buffer.c */; };
		3DA7D789231D247D00B5DB3A /* mathlib.c in Sources */ = {isa = PBXBuildFile; fileRef = 3DA7D6D2231D247D00B5DB3A /* mathlib.c */; };
		3DA7D78A231D247D00B5DB3A /* pm_surface.c in Sources */ = {isa = PBXBuildFile; fileRef = 3DA7D6D3231D247D00B5DB3A /* pm_surface.c */; };
		3DA7D78B231D247D00B5DB3A /* masterlist.c in Sources */ = {isa = PBXBuildFile; fileRef = 3DA7D6D4231D247D00B5DB3A /* masterlist.c */; };
		3DA7D78C231D247D00B5DB3A /* infostring.c in Sources */ = {isa = PBXBuildFile; fileRef = 3DA7D6D5231D247D00B5DB3A /* infostring.c */; };
		3DA7D78D231D247D00B5DB3A /* net_encode.c in Sources */ = {isa = PBXBuildFile; fileRef = 3DA7D6D6231D247D00B5DB3A /* net_encode.c */; };
		3DA7D78E231D247D00B5DB3A /* snd_wav.c in Sources */ = {isa = PBXBuildFile; fileRef = 3DA7D6D8231D247D00B5DB3A /* snd_wav.c */; };
		3DA7D78F231D247D00B5DB3A /* dct64.c in Sources */ = {isa = PBXBuildFile; fileRef = 3DA7D6DE231D247D00B5DB3A /* dct64.c */; };
		3DA7D790231D247D00B5DB3A /* format.c in Sources */ = {isa = PBXBuildFile; fileRef = 3DA7D6E1231D247D00B5DB3A /* format.c */; };
		3DA7D791231D247D00B5DB3A /* dct36.c in Sources */ = {isa = PBXBuildFile; fileRef = 3DA7D6E4231D247D00B5DB3A /* dct36.c */; };
		3DA7D792231D247D00B5DB3A /* reader.c in Sources */ = {isa = PBXBuildFile; fileRef = 3DA7D6E5231D247D00B5DB3A /* reader.c */; };
		3DA7D793231D247D00B5DB3A /* index.c in Sources */ = {isa = PBXBuildFile; fileRef = 3DA7D6E6231D247D00B5DB3A /* index.c */; };
		3DA7D794231D247D00B5DB3A /* tabinit.c in Sources */ = {isa = PBXBuildFile; fileRef = 3DA7D6E8231D247D00B5DB3A /* tabinit.c */; };
		3DA7D795231D247D00B5DB3A /* mpg123.c in Sources */ = {isa = PBXBuildFile; fileRef = 3DA7D6E9231D247D00B5DB3A /* mpg123.c */; };
		3DA7D796231D247D00B5DB3A /* frame.c in Sources */ = {isa = PBXBuildFile; fileRef = 3DA7D6EA231D247D00B5DB3A /* frame.c */; };
		3DA7D797231D247D00B5DB3A /* parse.c in Sources */ = {isa = PBXBuildFile; fileRef = 3DA7D6EB231D247D00B5DB3A /* parse.c */; };
		3DA7D798231D247D00B5DB3A /* libmpg.c in Sources */ = {isa = PBXBuildFile; fileRef = 3DA7D6EC231D247D00B5DB3A /* libmpg.c */; };
		3DA7D799231D247D00B5DB3A /* synth.c in Sources */ = {isa = PBXBuildFile; fileRef = 3DA7D6ED231D247D00B5DB3A /* synth.c */; };
		3DA7D79A231D247D00B5DB3A /* layer3.c in Sources */ = {isa = PBXBuildFile; fileRef = 3DA7D6F1231D247D00B5DB3A /* layer3.c */; };
		3DA7D79B231D247D00B5DB3A /* snd_mp3.c in Sources */ = {isa = PBXBuildFile; fileRef = 3DA7D6F2231D247D00B5DB3A /* snd_mp3.c */; };
		3DA7D79C231D247D00B5DB3A /* snd_utils.c in Sources */ = {isa = PBXBuildFile; fileRef = 3DA7D6F4231D247D00B5DB3A /* snd_utils.c */; };
		3DA7D79D231D247D00B5DB3A /* snd_main.c in Sources */ = {isa = PBXBuildFile; fileRef = 3DA7D6F5231D247D00B5DB3A /* snd_main.c */; };
		3DA7D79E231D247D00B5DB3A /* base_cmd.c in Sources */ = {isa = PBXBuildFile; fileRef = 3DA7D6F6231D247D00B5DB3A /* base_cmd.c */; };
		3DA7D79F231D247D00B5DB3A /* cvar.c in Sources */ = {isa = PBXBuildFile; fileRef = 3DA7D6F7231D247D00B5DB3A /* cvar.c */; };
		3DA7D7A0231D247D00B5DB3A /* net_chan.c in Sources */ = {isa = PBXBuildFile; fileRef = 3DA7D6F8231D247D00B5DB3A /* net_chan.c */; };
		3DA7D7A1231D247D00B5DB3A /* launcher.c in Sources */ = {isa = PBXBuildFile; fileRef = 3DA7D6F9231D247D00B5DB3A /* launcher.c */; };
		3DA7D7A2231D247D00B5DB3A /* IceKey.cpp in Sources */ = {isa = PBXBuildFile; fileRef = 3DA7D6FA231D247D00B5DB3A /* IceKey.cpp */; };
		3DA7D7A3231D247D00B5DB3A /* avikit.c in Sources */ = {isa = PBXBuildFile; fileRef = 3DA7D6FC231D247D00B5DB3A /* avikit.c */; };
		3DA7D7A4231D247D00B5DB3A /* crashhandler.c in Sources */ = {isa = PBXBuildFile; fileRef = 3DA7D6FD231D247D00B5DB3A /* crashhandler.c */; };
		3DA7D7A5231D247D00B5DB3A /* cl_scrn.c in Sources */ = {isa = PBXBuildFile; fileRef = 3DA7D708231D247D00B5DB3A /* cl_scrn.c */; };
		3DA7D7A6231D247D00B5DB3A /* s_utils.c in Sources */ = {isa = PBXBuildFile; fileRef = 3DA7D70A231D247D00B5DB3A /* s_utils.c */; };
		3DA7D7A7231D247D00B5DB3A /* cl_game.c in Sources */ = {isa = PBXBuildFile; fileRef = 3DA7D70B231D247D00B5DB3A /* cl_game.c */; };
		3DA7D7A8231D247D00B5DB3A /* gl_rpart.c in Sources */ = {isa = PBXBuildFile; fileRef = 3DA7D70D231D247D00B5DB3A /* gl_rpart.c */; };
		3DA7D7A9231D247D00B5DB3A /* s_mouth.c in Sources */ = {isa = PBXBuildFile; fileRef = 3DA7D710231D247D00B5DB3A /* s_mouth.c */; };
		3DA7D7AA231D247D00B5DB3A /* cl_mobile.c in Sources */ = {isa = PBXBuildFile; fileRef = 3DA7D712231D247D00B5DB3A /* cl_mobile.c */; };
		3DA7D7AB231D247D00B5DB3A /* cl_events.c in Sources */ = {isa = PBXBuildFile; fileRef = 3DA7D713231D247D00B5DB3A /* cl_events.c */; };
		3DA7D7AC231D247D00B5DB3A /* cl_parse.c in Sources */ = {isa = PBXBuildFile; fileRef = 3DA7D714231D247D00B5DB3A /* cl_parse.c */; };
		3DA7D7AD231D247D00B5DB3A /* cl_menu.c in Sources */ = {isa = PBXBuildFile; fileRef = 3DA7D715231D247D00B5DB3A /* cl_menu.c */; };
		3DA7D7AE231D247D00B5DB3A /* gl_cull.c in Sources */ = {isa = PBXBuildFile; fileRef = 3DA7D716231D247D00B5DB3A /* gl_cull.c */; };
		3DA7D7AF231D247D00B5DB3A /* s_stub.c in Sources */ = {isa = PBXBuildFile; fileRef = 3DA7D717231D247D00B5DB3A /* s_stub.c */; };
		3DA7D7B0231D247D00B5DB3A /* gamma.c in Sources */ = {isa = PBXBuildFile; fileRef = 3DA7D718231D247D00B5DB3A /* gamma.c */; };
		3DA7D7B1231D247D00B5DB3A /* cl_frame.c in Sources */ = {isa = PBXBuildFile; fileRef = 3DA7D719231D247D00B5DB3A /* cl_frame.c */; };
		3DA7D7B2231D247D00B5DB3A /* gl_beams.c in Sources */ = {isa = PBXBuildFile; fileRef = 3DA7D71A231D247D00B5DB3A /* gl_beams.c */; };
		3DA7D7B3231D247D00B5DB3A /* cl_netgraph.c in Sources */ = {isa = PBXBuildFile; fileRef = 3DA7D71B231D247D00B5DB3A /* cl_netgraph.c */; };
		3DA7D7B4231D247D00B5DB3A /* gl_image.c in Sources */ = {isa = PBXBuildFile; fileRef = 3DA7D71C231D247D00B5DB3A /* gl_image.c */; };
		3DA7D7B5231D247D00B5DB3A /* gl_sprite.c in Sources */ = {isa = PBXBuildFile; fileRef = 3DA7D71D231D247D00B5DB3A /* gl_sprite.c */; };
		3DA7D7B6231D247D00B5DB3A /* cl_remap.c in Sources */ = {isa = PBXBuildFile; fileRef = 3DA7D71E231D247D00B5DB3A /* cl_remap.c */; };
		3DA7D7B7231D247D00B5DB3A /* s_stream.c in Sources */ = {isa = PBXBuildFile; fileRef = 3DA7D720231D247D00B5DB3A /* s_stream.c */; };
		3DA7D7B8231D247D00B5DB3A /* input_evdevkey.c in Sources */ = {isa = PBXBuildFile; fileRef = 3DA7D722231D247D00B5DB3A /* input_evdevkey.c */; };
		3DA7D7B9231D247D00B5DB3A /* gl_rmath.c in Sources */ = {isa = PBXBuildFile; fileRef = 3DA7D723231D247D00B5DB3A /* gl_rmath.c */; };
		3DA7D7BA231D247D00B5DB3A /* gl_decals.c in Sources */ = {isa = PBXBuildFile; fileRef = 3DA7D724231D247D00B5DB3A /* gl_decals.c */; };
		3DA7D7BB231D247D00B5DB3A /* s_dsp.c in Sources */ = {isa = PBXBuildFile; fileRef = 3DA7D725231D247D00B5DB3A /* s_dsp.c */; };
		3DA7D7BC231D247D00B5DB3A /* gl_backend.c in Sources */ = {isa = PBXBuildFile; fileRef = 3DA7D727231D247D00B5DB3A /* gl_backend.c */; };
		3DA7D7BD231D247D00B5DB3A /* cl_main.c in Sources */ = {isa = PBXBuildFile; fileRef = 3DA7D728231D247D00B5DB3A /* cl_main.c */; };
		3DA7D7BE231D247D00B5DB3A /* s_load.c in Sources */ = {isa = PBXBuildFile; fileRef = 3DA7D729231D247D00B5DB3A /* s_load.c */; };
		3DA7D7BF231D247D00B5DB3A /* input.c in Sources */ = {isa = PBXBuildFile; fileRef = 3DA7D72C231D247D00B5DB3A /* input.c */; };
		3DA7D7C0231D247D00B5DB3A /* console.c in Sources */ = {isa = PBXBuildFile; fileRef = 3DA7D72D231D247D00B5DB3A /* console.c */; };
		3DA7D7C1231D247D00B5DB3A /* gl_rmisc.c in Sources */ = {isa = PBXBuildFile; fileRef = 3DA7D72E231D247D00B5DB3A /* gl_rmisc.c */; };
		3DA7D7C2231D247D00B5DB3A /* keys.c in Sources */ = {isa = PBXBuildFile; fileRef = 3DA7D72F231D247D00B5DB3A /* keys.c */; };
		3DA7D7C3231D247D00B5DB3A /* gl_rstrobe.c in Sources */ = {isa = PBXBuildFile; fileRef = 3DA7D730231D247D00B5DB3A /* gl_rstrobe.c */; };
		3DA7D7C4231D247D00B5DB3A /* joyinput.c in Sources */ = {isa = PBXBuildFile; fileRef = 3DA7D731231D247D00B5DB3A /* joyinput.c */; };
		3DA7D7C5231D247D00B5DB3A /* gl_draw.c in Sources */ = {isa = PBXBuildFile; fileRef = 3DA7D732231D247D00B5DB3A /* gl_draw.c */; };
		3DA7D7C6231D247D00B5DB3A /* gl_refrag.c in Sources */ = {isa = PBXBuildFile; fileRef = 3DA7D734231D247D00B5DB3A /* gl_refrag.c */; };
		3DA7D7C7231D247D00B5DB3A /* s_main.c in Sources */ = {isa = PBXBuildFile; fileRef = 3DA7D735231D247D00B5DB3A /* s_main.c */; };
		3DA7D7C8231D247D00B5DB3A /* gl_studio.c in Sources */ = {isa = PBXBuildFile; fileRef = 3DA7D736231D247D00B5DB3A /* gl_studio.c */; };
		3DA7D7C9231D247D00B5DB3A /* s_vox.c in Sources */ = {isa = PBXBuildFile; fileRef = 3DA7D737231D247D00B5DB3A /* s_vox.c */; };
		3DA7D7CA231D247D00B5DB3A /* cl_pmove.c in Sources */ = {isa = PBXBuildFile; fileRef = 3DA7D738231D247D00B5DB3A /* cl_pmove.c */; };
		3DA7D7CB231D247D00B5DB3A /* touch.c in Sources */ = {isa = PBXBuildFile; fileRef = 3DA7D739231D247D00B5DB3A /* touch.c */; };
		3DA7D7CC231D247D00B5DB3A /* gl_rsurf.c in Sources */ = {isa = PBXBuildFile; fileRef = 3DA7D73A231D247D00B5DB3A /* gl_rsurf.c */; };
		3DA7D7CD231D247D00B5DB3A /* cl_video.c in Sources */ = {isa = PBXBuildFile; fileRef = 3DA7D73B231D247D00B5DB3A /* cl_video.c */; };
		3DA7D7CE231D247D00B5DB3A /* gl_rmain.c in Sources */ = {isa = PBXBuildFile; fileRef = 3DA7D73C231D247D00B5DB3A /* gl_rmain.c */; };
		3DA7D7CF231D247D00B5DB3A /* vid_common.c in Sources */ = {isa = PBXBuildFile; fileRef = 3DA7D73D231D247D00B5DB3A /* vid_common.c */; };
		3DA7D7D0231D247D00B5DB3A /* cl_demo.c in Sources */ = {isa = PBXBuildFile; fileRef = 3DA7D73F231D247D00B5DB3A /* cl_demo.c */; };
		3DA7D7D1231D247D00B5DB3A /* gl_rlight.c in Sources */ = {isa = PBXBuildFile; fileRef = 3DA7D740231D247D00B5DB3A /* gl_rlight.c */; };
		3DA7D7D2231D247D00B5DB3A /* vgui_draw.c in Sources */ = {isa = PBXBuildFile; fileRef = 3DA7D742231D247D00B5DB3A /* vgui_draw.c */; };
		3DA7D7D3231D247D00B5DB3A /* cl_cmds.c in Sources */ = {isa = PBXBuildFile; fileRef = 3DA7D745231D247D00B5DB3A /* cl_cmds.c */; };
		3DA7D7D4231D247D00B5DB3A /* gl_mirror.c in Sources */ = {isa = PBXBuildFile; fileRef = 3DA7D746231D247D00B5DB3A /* gl_mirror.c */; };
		3DA7D7D5231D247D00B5DB3A /* gl_warp.c in Sources */ = {isa = PBXBuildFile; fileRef = 3DA7D747231D247D00B5DB3A /* gl_warp.c */; };
		3DA7D7D6231D247D00B5DB3A /* cl_view.c in Sources */ = {isa = PBXBuildFile; fileRef = 3DA7D748231D247D00B5DB3A /* cl_view.c */; };
		3DA7D7D7231D247D00B5DB3A /* cl_tent.c in Sources */ = {isa = PBXBuildFile; fileRef = 3DA7D749231D247D00B5DB3A /* cl_tent.c */; };
		3DA7D7D8231D247D00B5DB3A /* s_mix.c in Sources */ = {isa = PBXBuildFile; fileRef = 3DA7D74A231D247D00B5DB3A /* s_mix.c */; };
		3DA7D7EF231D258600B5DB3A /* libSDL2.a in Frameworks */ = {isa = PBXBuildFile; fileRef = 3DA7D7EE231D258600B5DB3A /* libSDL2.a */; };
		3DA7D7FA231D266700B5DB3A /* libnanogl.a in Frameworks */ = {isa = PBXBuildFile; fileRef = 3DA7D7F9231D266700B5DB3A /* libnanogl.a */; };
/* End PBXBuildFile section */

/* Begin PBXCopyFilesBuildPhase section */
		3D4410C5231D066B001A0696 /* CopyFiles */ = {
			isa = PBXCopyFilesBuildPhase;
			buildActionMask = 2147483647;
			dstPath = "include/$(PRODUCT_NAME)";
			dstSubfolderSpec = 16;
			files = (
			);
			runOnlyForDeploymentPostprocessing = 0;
		};
/* End PBXCopyFilesBuildPhase section */

/* Begin PBXFileReference section */
		3D4410C7231D066B001A0696 /* libxash.a */ = {isa = PBXFileReference; explicitFileType = archive.ar; includeInIndex = 0; path = libxash.a; sourceTree = BUILT_PRODUCTS_DIR; };
		3DA7D65E231D247D00B5DB3A /* mobility_int.h */ = {isa = PBXFileReference; fileEncoding = 4; lastKnownFileType = sourcecode.c.h; path = mobility_int.h; sourceTree = "<group>"; };
		3DA7D65F231D247D00B5DB3A /* vgui_api.h */ = {isa = PBXFileReference; fileEncoding = 4; lastKnownFileType = sourcecode.c.h; path = vgui_api.h; sourceTree = "<group>"; };
		3DA7D660231D247D00B5DB3A /* physint.h */ = {isa = PBXFileReference; fileEncoding = 4; lastKnownFileType = sourcecode.c.h; path = physint.h; sourceTree = "<group>"; };
		3DA7D661231D247D00B5DB3A /* studio.h */ = {isa = PBXFileReference; fileEncoding = 4; lastKnownFileType = sourcecode.c.h; path = studio.h; sourceTree = "<group>"; };
		3DA7D662231D247D00B5DB3A /* custom.h */ = {isa = PBXFileReference; fileEncoding = 4; lastKnownFileType = sourcecode.c.h; path = custom.h; sourceTree = "<group>"; };
		3DA7D663231D247D00B5DB3A /* edict.h */ = {isa = PBXFileReference; fileEncoding = 4; lastKnownFileType = sourcecode.c.h; path = edict.h; sourceTree = "<group>"; };
		3DA7D664231D247D00B5DB3A /* eiface.h */ = {isa = PBXFileReference; fileEncoding = 4; lastKnownFileType = sourcecode.c.h; path = eiface.h; sourceTree = "<group>"; };
		3DA7D667231D247D00B5DB3A /* fs_int.h */ = {isa = PBXFileReference; fileEncoding = 4; lastKnownFileType = sourcecode.c.h; path = fs_int.h; sourceTree = "<group>"; };
		3DA7D668231D247D00B5DB3A /* progdefs.h */ = {isa = PBXFileReference; fileEncoding = 4; lastKnownFileType = sourcecode.c.h; path = progdefs.h; sourceTree = "<group>"; };
		3DA7D669231D247D00B5DB3A /* customentity.h */ = {isa = PBXFileReference; fileEncoding = 4; lastKnownFileType = sourcecode.c.h; path = customentity.h; sourceTree = "<group>"; };
		3DA7D66F231D247D00B5DB3A /* TapicEngine.h */ = {isa = PBXFileReference; fileEncoding = 4; lastKnownFileType = sourcecode.c.h; path = TapicEngine.h; sourceTree = "<group>"; };
		3DA7D670231D247D00B5DB3A /* TapicEngine.mm */ = {isa = PBXFileReference; fileEncoding = 4; lastKnownFileType = sourcecode.cpp.objcpp; path = TapicEngine.mm; sourceTree = "<group>"; };
		3DA7D676231D247D00B5DB3A /* events.h */ = {isa = PBXFileReference; fileEncoding = 4; lastKnownFileType = sourcecode.c.h; path = events.h; sourceTree = "<group>"; };
		3DA7D677231D247D00B5DB3A /* gl_sdl.c */ = {isa = PBXFileReference; fileEncoding = 4; lastKnownFileType = sourcecode.c.c; path = gl_sdl.c; sourceTree = "<group>"; };
		3DA7D678231D247D00B5DB3A /* events.c */ = {isa = PBXFileReference; fileEncoding = 4; lastKnownFileType = sourcecode.c.c; path = events.c; sourceTree = "<group>"; };
		3DA7D679231D247D00B5DB3A /* snd_sdl.c */ = {isa = PBXFileReference; fileEncoding = 4; lastKnownFileType = sourcecode.c.c; path = snd_sdl.c; sourceTree = "<group>"; };
		3DA7D67A231D247D00B5DB3A /* vid_sdl.c */ = {isa = PBXFileReference; fileEncoding = 4; lastKnownFileType = sourcecode.c.c; path = vid_sdl.c; sourceTree = "<group>"; };
		3DA7D686231D247D00B5DB3A /* sv_save.c */ = {isa = PBXFileReference; fileEncoding = 4; lastKnownFileType = sourcecode.c.c; path = sv_save.c; sourceTree = "<group>"; };
		3DA7D687231D247D00B5DB3A /* sv_cmds.c */ = {isa = PBXFileReference; fileEncoding = 4; lastKnownFileType = sourcecode.c.c; path = sv_cmds.c; sourceTree = "<group>"; };
		3DA7D688231D247D00B5DB3A /* sv_main.c */ = {isa = PBXFileReference; fileEncoding = 4; lastKnownFileType = sourcecode.c.c; path = sv_main.c; sourceTree = "<group>"; };
		3DA7D689231D247D00B5DB3A /* sv_client.c */ = {isa = PBXFileReference; fileEncoding = 4; lastKnownFileType = sourcecode.c.c; path = sv_client.c; sourceTree = "<group>"; };
		3DA7D68A231D247D00B5DB3A /* sv_frame.c */ = {isa = PBXFileReference; fileEncoding = 4; lastKnownFileType = sourcecode.c.c; path = sv_frame.c; sourceTree = "<group>"; };
		3DA7D68B231D247D00B5DB3A /* sv_custom.c */ = {isa = PBXFileReference; fileEncoding = 4; lastKnownFileType = sourcecode.c.c; path = sv_custom.c; sourceTree = "<group>"; };
		3DA7D68C231D247D00B5DB3A /* sv_phys.c */ = {isa = PBXFileReference; fileEncoding = 4; lastKnownFileType = sourcecode.c.c; path = sv_phys.c; sourceTree = "<group>"; };
		3DA7D68D231D247D00B5DB3A /* sv_pmove.c */ = {isa = PBXFileReference; fileEncoding = 4; lastKnownFileType = sourcecode.c.c; path = sv_pmove.c; sourceTree = "<group>"; };
		3DA7D68E231D247D00B5DB3A /* sv_move.c */ = {isa = PBXFileReference; fileEncoding = 4; lastKnownFileType = sourcecode.c.c; path = sv_move.c; sourceTree = "<group>"; };
		3DA7D68F231D247D00B5DB3A /* sv_filter.c */ = {isa = PBXFileReference; fileEncoding = 4; lastKnownFileType = sourcecode.c.c; path = sv_filter.c; sourceTree = "<group>"; };
		3DA7D690231D247D00B5DB3A /* sv_init.c */ = {isa = PBXFileReference; fileEncoding = 4; lastKnownFileType = sourcecode.c.c; path = sv_init.c; sourceTree = "<group>"; };
		3DA7D691231D247D00B5DB3A /* sv_log.c */ = {isa = PBXFileReference; fileEncoding = 4; lastKnownFileType = sourcecode.c.c; path = sv_log.c; sourceTree = "<group>"; };
		3DA7D692231D247D00B5DB3A /* sv_game.c */ = {isa = PBXFileReference; fileEncoding = 4; lastKnownFileType = sourcecode.c.c; path = sv_game.c; sourceTree = "<group>"; };
		3DA7D693231D247D00B5DB3A /* server.h */ = {isa = PBXFileReference; fileEncoding = 4; lastKnownFileType = sourcecode.c.h; path = server.h; sourceTree = "<group>"; };
		3DA7D694231D247D00B5DB3A /* sv_world.c */ = {isa = PBXFileReference; fileEncoding = 4; lastKnownFileType = sourcecode.c.c; path = sv_world.c; sourceTree = "<group>"; };
		3DA7D695231D247D00B5DB3A /* cdll_int.h */ = {isa = PBXFileReference; fileEncoding = 4; lastKnownFileType = sourcecode.c.h; path = cdll_int.h; sourceTree = "<group>"; };
		3DA7D697231D247D00B5DB3A /* filesystem.h */ = {isa = PBXFileReference; fileEncoding = 4; lastKnownFileType = sourcecode.c.h; path = filesystem.h; sourceTree = "<group>"; };
		3DA7D698231D247D00B5DB3A /* protocol.h */ = {isa = PBXFileReference; fileEncoding = 4; lastKnownFileType = sourcecode.c.h; path = protocol.h; sourceTree = "<group>"; };
		3DA7D699231D247D00B5DB3A /* library_static.h */ = {isa = PBXFileReference; fileEncoding = 4; lastKnownFileType = sourcecode.c.h; path = library_static.h; sourceTree = "<group>"; };
		3DA7D69A231D247D00B5DB3A /* network.c */ = {isa = PBXFileReference; fileEncoding = 4; lastKnownFileType = sourcecode.c.c; path = network.c; sourceTree = "<group>"; };
		3DA7D69B231D247D00B5DB3A /* common.c */ = {isa = PBXFileReference; fileEncoding = 4; lastKnownFileType = sourcecode.c.c; path = common.c; sourceTree = "<group>"; };
		3DA7D69C231D247D00B5DB3A /* con_utils.c */ = {isa = PBXFileReference; fileEncoding = 4; lastKnownFileType = sourcecode.c.c; path = con_utils.c; sourceTree = "<group>"; };
		3DA7D69D231D247D00B5DB3A /* IceKey.hpp */ = {isa = PBXFileReference; fileEncoding = 4; lastKnownFileType = sourcecode.cpp.h; path = IceKey.hpp; sourceTree = "<group>"; };
		3DA7D69E231D247D00B5DB3A /* netchan.h */ = {isa = PBXFileReference; fileEncoding = 4; lastKnownFileType = sourcecode.c.h; path = netchan.h; sourceTree = "<group>"; };
		3DA7D69F231D247D00B5DB3A /* net_buffer.h */ = {isa = PBXFileReference; fileEncoding = 4; lastKnownFileType = sourcecode.c.h; path = net_buffer.h; sourceTree = "<group>"; };
		3DA7D6A0231D247D00B5DB3A /* model.c */ = {isa = PBXFileReference; fileEncoding = 4; lastKnownFileType = sourcecode.c.c; path = model.c; sourceTree = "<group>"; };
		3DA7D6A1231D247D00B5DB3A /* titles.c */ = {isa = PBXFileReference; fileEncoding = 4; lastKnownFileType = sourcecode.c.c; path = titles.c; sourceTree = "<group>"; };
		3DA7D6A2231D247D00B5DB3A /* net_huff.c */ = {isa = PBXFileReference; fileEncoding = 4; lastKnownFileType = sourcecode.c.c; path = net_huff.c; sourceTree = "<group>"; };
		3DA7D6A4231D247D00B5DB3A /* img_tga.c */ = {isa = PBXFileReference; fileEncoding = 4; lastKnownFileType = sourcecode.c.c; path = img_tga.c; sourceTree = "<group>"; };
		3DA7D6A5231D247D00B5DB3A /* img_wad.c */ = {isa = PBXFileReference; fileEncoding = 4; lastKnownFileType = sourcecode.c.c; path = img_wad.c; sourceTree = "<group>"; };
		3DA7D6A6231D247D00B5DB3A /* img_bmp.c */ = {isa = PBXFileReference; fileEncoding = 4; lastKnownFileType = sourcecode.c.c; path = img_bmp.c; sourceTree = "<group>"; };
		3DA7D6A7231D247D00B5DB3A /* img_quant.c */ = {isa = PBXFileReference; fileEncoding = 4; lastKnownFileType = sourcecode.c.c; path = img_quant.c; sourceTree = "<group>"; };
		3DA7D6A8231D247D00B5DB3A /* imagelib.h */ = {isa = PBXFileReference; fileEncoding = 4; lastKnownFileType = sourcecode.c.h; path = imagelib.h; sourceTree = "<group>"; };
		3DA7D6A9231D247D00B5DB3A /* img_utils.c */ = {isa = PBXFileReference; fileEncoding = 4; lastKnownFileType = sourcecode.c.c; path = img_utils.c; sourceTree = "<group>"; };
		3DA7D6AA231D247D00B5DB3A /* img_main.c */ = {isa = PBXFileReference; fileEncoding = 4; lastKnownFileType = sourcecode.c.c; path = img_main.c; sourceTree = "<group>"; };
		3DA7D6AB231D247D00B5DB3A /* img_dds.c */ = {isa = PBXFileReference; fileEncoding = 4; lastKnownFileType = sourcecode.c.c; path = img_dds.c; sourceTree = "<group>"; };
		3DA7D6AC231D247D00B5DB3A /* library.h */ = {isa = PBXFileReference; fileEncoding = 4; lastKnownFileType = sourcecode.c.h; path = library.h; sourceTree = "<group>"; };
		3DA7D6AD231D247D00B5DB3A /* Sequence.c */ = {isa = PBXFileReference; fileEncoding = 4; lastKnownFileType = sourcecode.c.c; path = Sequence.c; sourceTree = "<group>"; };
		3DA7D6AE231D247D00B5DB3A /* base_cmd.h */ = {isa = PBXFileReference; fileEncoding = 4; lastKnownFileType = sourcecode.c.h; path = base_cmd.h; sourceTree = "<group>"; };
		3DA7D6AF231D247D00B5DB3A /* matrixlib.c */ = {isa = PBXFileReference; fileEncoding = 4; lastKnownFileType = sourcecode.c.c; path = matrixlib.c; sourceTree = "<group>"; };
		3DA7D6B0231D247D00B5DB3A /* mod_studio.c */ = {isa = PBXFileReference; fileEncoding = 4; lastKnownFileType = sourcecode.c.c; path = mod_studio.c; sourceTree = "<group>"; };
		3DA7D6B1231D247D00B5DB3A /* pm_local.h */ = {isa = PBXFileReference; fileEncoding = 4; lastKnownFileType = sourcecode.c.h; path = pm_local.h; sourceTree = "<group>"; };
		3DA7D6B2231D247D00B5DB3A /* net_encode.h */ = {isa = PBXFileReference; fileEncoding = 4; lastKnownFileType = sourcecode.c.h; path = net_encode.h; sourceTree = "<group>"; };
		3DA7D6B3231D247D00B5DB3A /* dedicated.c */ = {isa = PBXFileReference; fileEncoding = 4; lastKnownFileType = sourcecode.c.c; path = dedicated.c; sourceTree = "<group>"; };
		3DA7D6B4231D247D00B5DB3A /* mathlib.h */ = {isa = PBXFileReference; fileEncoding = 4; lastKnownFileType = sourcecode.c.h; path = mathlib.h; sourceTree = "<group>"; };
		3DA7D6B5231D247D00B5DB3A /* system.c */ = {isa = PBXFileReference; fileEncoding = 4; lastKnownFileType = sourcecode.c.c; path = system.c; sourceTree = "<group>"; };
		3DA7D6B6231D247D00B5DB3A /* hpak.c */ = {isa = PBXFileReference; fileEncoding = 4; lastKnownFileType = sourcecode.c.c; path = hpak.c; sourceTree = "<group>"; };
		3DA7D6B7231D247D00B5DB3A /* world.c */ = {isa = PBXFileReference; fileEncoding = 4; lastKnownFileType = sourcecode.c.c; path = world.c; sourceTree = "<group>"; };
		3DA7D6B8231D247D00B5DB3A /* sys_con.c */ = {isa = PBXFileReference; fileEncoding = 4; lastKnownFileType = sourcecode.c.c; path = sys_con.c; sourceTree = "<group>"; };
		3DA7D6B9231D247D00B5DB3A /* random.c */ = {isa = PBXFileReference; fileEncoding = 4; lastKnownFileType = sourcecode.c.c; path = random.c; sourceTree = "<group>"; };
		3DA7D6BA231D247D00B5DB3A /* cfgscript.c */ = {isa = PBXFileReference; fileEncoding = 4; lastKnownFileType = sourcecode.c.c; path = cfgscript.c; sourceTree = "<group>"; };
		3DA7D6BB231D247D00B5DB3A /* crtlib_inline.h */ = {isa = PBXFileReference; fileEncoding = 4; lastKnownFileType = sourcecode.c.h; path = crtlib_inline.h; sourceTree = "<group>"; };
		3DA7D6BC231D247D00B5DB3A /* mod_decryptor.cpp */ = {isa = PBXFileReference; fileEncoding = 4; lastKnownFileType = sourcecode.cpp.cpp; path = mod_decryptor.cpp; sourceTree = "<group>"; };
		3DA7D6BD231D247D00B5DB3A /* crtlib.c */ = {isa = PBXFileReference; fileEncoding = 4; lastKnownFileType = sourcecode.c.c; path = crtlib.c; sourceTree = "<group>"; };
		3DA7D6BF231D247D00B5DB3A /* stb_sprintf.h */ = {isa = PBXFileReference; fileEncoding = 4; lastKnownFileType = sourcecode.c.h; path = stb_sprintf.h; sourceTree = "<group>"; };
		3DA7D6C0231D247D00B5DB3A /* cmd.c */ = {isa = PBXFileReference; fileEncoding = 4; lastKnownFileType = sourcecode.c.c; path = cmd.c; sourceTree = "<group>"; };
		3DA7D6C1231D247D00B5DB3A /* identification.c */ = {isa = PBXFileReference; fileEncoding = 4; lastKnownFileType = sourcecode.c.c; path = identification.c; sourceTree = "<group>"; };
		3DA7D6C2231D247D00B5DB3A /* zone.c */ = {isa = PBXFileReference; fileEncoding = 4; lastKnownFileType = sourcecode.c.c; path = zone.c; sourceTree = "<group>"; };
		3DA7D6C3231D247D00B5DB3A /* mod_decryptor.h */ = {isa = PBXFileReference; fileEncoding = 4; lastKnownFileType = sourcecode.c.h; path = mod_decryptor.h; sourceTree = "<group>"; };
		3DA7D6C4231D247D00B5DB3A /* pm_trace.c */ = {isa = PBXFileReference; fileEncoding = 4; lastKnownFileType = sourcecode.c.c; path = pm_trace.c; sourceTree = "<group>"; };
		3DA7D6C5231D247D00B5DB3A /* common.h */ = {isa = PBXFileReference; fileEncoding = 4; lastKnownFileType = sourcecode.c.h; path = common.h; sourceTree = "<group>"; };
		3DA7D6C6231D247D00B5DB3A /* library_static.c */ = {isa = PBXFileReference; fileEncoding = 4; lastKnownFileType = sourcecode.c.c; path = library_static.c; sourceTree = "<group>"; };
		3DA7D6C7231D247D00B5DB3A /* filesystem.c */ = {isa = PBXFileReference; fileEncoding = 4; lastKnownFileType = sourcecode.c.c; path = filesystem.c; sourceTree = "<group>"; };
		3DA7D6C8231D247D00B5DB3A /* library.c */ = {isa = PBXFileReference; fileEncoding = 4; lastKnownFileType = sourcecode.c.c; path = library.c; sourceTree = "<group>"; };
		3DA7D6C9231D247D00B5DB3A /* build.c */ = {isa = PBXFileReference; fileEncoding = 4; lastKnownFileType = sourcecode.c.c; path = build.c; sourceTree = "<group>"; };
		3DA7D6CA231D247D00B5DB3A /* host.c */ = {isa = PBXFileReference; fileEncoding = 4; lastKnownFileType = sourcecode.c.c; path = host.c; sourceTree = "<group>"; };
		3DA7D6CB231D247D00B5DB3A /* neon_mathfun.h */ = {isa = PBXFileReference; fileEncoding = 4; lastKnownFileType = sourcecode.c.h; path = neon_mathfun.h; sourceTree = "<group>"; };
		3DA7D6CC231D247D00B5DB3A /* sse_mathfun.h */ = {isa = PBXFileReference; fileEncoding = 4; lastKnownFileType = sourcecode.c.h; path = sse_mathfun.h; sourceTree = "<group>"; };
		3DA7D6CD231D247D00B5DB3A /* crclib.c */ = {isa = PBXFileReference; fileEncoding = 4; lastKnownFileType = sourcecode.c.c; path = crclib.c; sourceTree = "<group>"; };
		3DA7D6CE231D247D00B5DB3A /* net_buffer.c */ = {isa = PBXFileReference; fileEncoding = 4; lastKnownFileType = sourcecode.c.c; path = net_buffer.c; sourceTree = "<group>"; };
		3DA7D6CF231D247D00B5DB3A /* world.h */ = {isa = PBXFileReference; fileEncoding = 4; lastKnownFileType = sourcecode.c.h; path = world.h; sourceTree = "<group>"; };
		3DA7D6D0231D247D00B5DB3A /* mod_local.h */ = {isa = PBXFileReference; fileEncoding = 4; lastKnownFileType = sourcecode.c.h; path = mod_local.h; sourceTree = "<group>"; };
		3DA7D6D1231D247D00B5DB3A /* system.h */ = {isa = PBXFileReference; fileEncoding = 4; lastKnownFileType = sourcecode.c.h; path = system.h; sourceTree = "<group>"; };
		3DA7D6D2231D247D00B5DB3A /* mathlib.c */ = {isa = PBXFileReference; fileEncoding = 4; lastKnownFileType = sourcecode.c.c; path = mathlib.c; sourceTree = "<group>"; };
		3DA7D6D3231D247D00B5DB3A /* pm_surface.c */ = {isa = PBXFileReference; fileEncoding = 4; lastKnownFileType = sourcecode.c.c; path = pm_surface.c; sourceTree = "<group>"; };
		3DA7D6D4231D247D00B5DB3A /* masterlist.c */ = {isa = PBXFileReference; fileEncoding = 4; lastKnownFileType = sourcecode.c.c; path = masterlist.c; sourceTree = "<group>"; };
		3DA7D6D5231D247D00B5DB3A /* infostring.c */ = {isa = PBXFileReference; fileEncoding = 4; lastKnownFileType = sourcecode.c.c; path = infostring.c; sourceTree = "<group>"; };
		3DA7D6D6231D247D00B5DB3A /* net_encode.c */ = {isa = PBXFileReference; fileEncoding = 4; lastKnownFileType = sourcecode.c.c; path = net_encode.c; sourceTree = "<group>"; };
		3DA7D6D8231D247D00B5DB3A /* snd_wav.c */ = {isa = PBXFileReference; fileEncoding = 4; lastKnownFileType = sourcecode.c.c; path = snd_wav.c; sourceTree = "<group>"; };
		3DA7D6DA231D247D00B5DB3A /* index.h */ = {isa = PBXFileReference; fileEncoding = 4; lastKnownFileType = sourcecode.c.h; path = index.h; sourceTree = "<group>"; };
		3DA7D6DB231D247D00B5DB3A /* reader.h */ = {isa = PBXFileReference; fileEncoding = 4; lastKnownFileType = sourcecode.c.h; path = reader.h; sourceTree = "<group>"; };
		3DA7D6DC231D247D00B5DB3A /* libmpg.dsp */ = {isa = PBXFileReference; fileEncoding = 4; lastKnownFileType = text; path = libmpg.dsp; sourceTree = "<group>"; };
		3DA7D6DD231D247D00B5DB3A /* mpg123.h */ = {isa = PBXFileReference; fileEncoding = 4; lastKnownFileType = sourcecode.c.h; path = mpg123.h; sourceTree = "<group>"; };
		3DA7D6DE231D247D00B5DB3A /* dct64.c */ = {isa = PBXFileReference; fileEncoding = 4; lastKnownFileType = sourcecode.c.c; path = dct64.c; sourceTree = "<group>"; };
		3DA7D6DF231D247D00B5DB3A /* getbits.h */ = {isa = PBXFileReference; fileEncoding = 4; lastKnownFileType = sourcecode.c.h; path = getbits.h; sourceTree = "<group>"; };
		3DA7D6E0231D247D00B5DB3A /* synth.h */ = {isa = PBXFileReference; fileEncoding = 4; lastKnownFileType = sourcecode.c.h; path = synth.h; sourceTree = "<group>"; };
		3DA7D6E1231D247D00B5DB3A /* format.c */ = {isa = PBXFileReference; fileEncoding = 4; lastKnownFileType = sourcecode.c.c; path = format.c; sourceTree = "<group>"; };
		3DA7D6E2231D247D00B5DB3A /* libmpg.h */ = {isa = PBXFileReference; fileEncoding = 4; lastKnownFileType = sourcecode.c.h; path = libmpg.h; sourceTree = "<group>"; };
		3DA7D6E3231D247D00B5DB3A /* frame.h */ = {isa = PBXFileReference; fileEncoding = 4; lastKnownFileType = sourcecode.c.h; path = frame.h; sourceTree = "<group>"; };
		3DA7D6E4231D247D00B5DB3A /* dct36.c */ = {isa = PBXFileReference; fileEncoding = 4; lastKnownFileType = sourcecode.c.c; path = dct36.c; sourceTree = "<group>"; };
		3DA7D6E5231D247D00B5DB3A /* reader.c */ = {isa = PBXFileReference; fileEncoding = 4; lastKnownFileType = sourcecode.c.c; path = reader.c; sourceTree = "<group>"; };
		3DA7D6E6231D247D00B5DB3A /* index.c */ = {isa = PBXFileReference; fileEncoding = 4; lastKnownFileType = sourcecode.c.c; path = index.c; sourceTree = "<group>"; };
		3DA7D6E7231D247D00B5DB3A /* fmt123.h */ = {isa = PBXFileReference; fileEncoding = 4; lastKnownFileType = sourcecode.c.h; path = fmt123.h; sourceTree = "<group>"; };
		3DA7D6E8231D247D00B5DB3A /* tabinit.c */ = {isa = PBXFileReference; fileEncoding = 4; lastKnownFileType = sourcecode.c.c; path = tabinit.c; sourceTree = "<group>"; };
		3DA7D6E9231D247D00B5DB3A /* mpg123.c */ = {isa = PBXFileReference; fileEncoding = 4; lastKnownFileType = sourcecode.c.c; path = mpg123.c; sourceTree = "<group>"; };
		3DA7D6EA231D247D00B5DB3A /* frame.c */ = {isa = PBXFileReference; fileEncoding = 4; lastKnownFileType = sourcecode.c.c; path = frame.c; sourceTree = "<group>"; };
		3DA7D6EB231D247D00B5DB3A /* parse.c */ = {isa = PBXFileReference; fileEncoding = 4; lastKnownFileType = sourcecode.c.c; path = parse.c; sourceTree = "<group>"; };
		3DA7D6EC231D247D00B5DB3A /* libmpg.c */ = {isa = PBXFileReference; fileEncoding = 4; lastKnownFileType = sourcecode.c.c; path = libmpg.c; sourceTree = "<group>"; };
		3DA7D6ED231D247D00B5DB3A /* synth.c */ = {isa = PBXFileReference; fileEncoding = 4; lastKnownFileType = sourcecode.c.c; path = synth.c; sourceTree = "<group>"; };
		3DA7D6EE231D247D00B5DB3A /* mpeghead.h */ = {isa = PBXFileReference; fileEncoding = 4; lastKnownFileType = sourcecode.c.h; path = mpeghead.h; sourceTree = "<group>"; };
		3DA7D6EF231D247D00B5DB3A /* huffman.h */ = {isa = PBXFileReference; fileEncoding = 4; lastKnownFileType = sourcecode.c.h; path = huffman.h; sourceTree = "<group>"; };
		3DA7D6F0231D247D00B5DB3A /* sample.h */ = {isa = PBXFileReference; fileEncoding = 4; lastKnownFileType = sourcecode.c.h; path = sample.h; sourceTree = "<group>"; };
		3DA7D6F1231D247D00B5DB3A /* layer3.c */ = {isa = PBXFileReference; fileEncoding = 4; lastKnownFileType = sourcecode.c.c; path = layer3.c; sourceTree = "<group>"; };
		3DA7D6F2231D247D00B5DB3A /* snd_mp3.c */ = {isa = PBXFileReference; fileEncoding = 4; lastKnownFileType = sourcecode.c.c; path = snd_mp3.c; sourceTree = "<group>"; };
		3DA7D6F3231D247D00B5DB3A /* soundlib.h */ = {isa = PBXFileReference; fileEncoding = 4; lastKnownFileType = sourcecode.c.h; path = soundlib.h; sourceTree = "<group>"; };
		3DA7D6F4231D247D00B5DB3A /* snd_utils.c */ = {isa = PBXFileReference; fileEncoding = 4; lastKnownFileType = sourcecode.c.c; path = snd_utils.c; sourceTree = "<group>"; };
		3DA7D6F5231D247D00B5DB3A /* snd_main.c */ = {isa = PBXFileReference; fileEncoding = 4; lastKnownFileType = sourcecode.c.c; path = snd_main.c; sourceTree = "<group>"; };
		3DA7D6F6231D247D00B5DB3A /* base_cmd.c */ = {isa = PBXFileReference; fileEncoding = 4; lastKnownFileType = sourcecode.c.c; path = base_cmd.c; sourceTree = "<group>"; };
		3DA7D6F7231D247D00B5DB3A /* cvar.c */ = {isa = PBXFileReference; fileEncoding = 4; lastKnownFileType = sourcecode.c.c; path = cvar.c; sourceTree = "<group>"; };
		3DA7D6F8231D247D00B5DB3A /* net_chan.c */ = {isa = PBXFileReference; fileEncoding = 4; lastKnownFileType = sourcecode.c.c; path = net_chan.c; sourceTree = "<group>"; };
		3DA7D6F9231D247D00B5DB3A /* launcher.c */ = {isa = PBXFileReference; fileEncoding = 4; lastKnownFileType = sourcecode.c.c; path = launcher.c; sourceTree = "<group>"; };
		3DA7D6FA231D247D00B5DB3A /* IceKey.cpp */ = {isa = PBXFileReference; fileEncoding = 4; lastKnownFileType = sourcecode.cpp.cpp; path = IceKey.cpp; sourceTree = "<group>"; };
		3DA7D6FB231D247D00B5DB3A /* crtlib.h */ = {isa = PBXFileReference; fileEncoding = 4; lastKnownFileType = sourcecode.c.h; path = crtlib.h; sourceTree = "<group>"; };
		3DA7D6FC231D247D00B5DB3A /* avikit.c */ = {isa = PBXFileReference; fileEncoding = 4; lastKnownFileType = sourcecode.c.c; path = avikit.c; sourceTree = "<group>"; };
		3DA7D6FD231D247D00B5DB3A /* crashhandler.c */ = {isa = PBXFileReference; fileEncoding = 4; lastKnownFileType = sourcecode.c.c; path = crashhandler.c; sourceTree = "<group>"; };
		3DA7D6FE231D247D00B5DB3A /* sprite.h */ = {isa = PBXFileReference; fileEncoding = 4; lastKnownFileType = sourcecode.c.h; path = sprite.h; sourceTree = "<group>"; };
		3DA7D6FF231D247D00B5DB3A /* APIProxy.h */ = {isa = PBXFileReference; fileEncoding = 4; lastKnownFileType = sourcecode.c.h; path = APIProxy.h; sourceTree = "<group>"; };
		3DA7D700231D247D00B5DB3A /* shake.h */ = {isa = PBXFileReference; fileEncoding = 4; lastKnownFileType = sourcecode.c.h; path = shake.h; sourceTree = "<group>"; };
		3DA7D701231D247D00B5DB3A /* Sequence.h */ = {isa = PBXFileReference; fileEncoding = 4; lastKnownFileType = sourcecode.c.h; path = Sequence.h; sourceTree = "<group>"; };
		3DA7D702231D247D00B5DB3A /* menu_int.h */ = {isa = PBXFileReference; fileEncoding = 4; lastKnownFileType = sourcecode.c.h; path = menu_int.h; sourceTree = "<group>"; };
		3DA7D703231D247D00B5DB3A /* warpsin.h */ = {isa = PBXFileReference; fileEncoding = 4; lastKnownFileType = sourcecode.c.h; path = warpsin.h; sourceTree = "<group>"; };
		3DA7D704231D247D00B5DB3A /* cdll_exp.h */ = {isa = PBXFileReference; fileEncoding = 4; lastKnownFileType = sourcecode.c.h; path = cdll_exp.h; sourceTree = "<group>"; };
		3DA7D706231D247D00B5DB3A /* anorms.h */ = {isa = PBXFileReference; fileEncoding = 4; lastKnownFileType = sourcecode.c.h; path = anorms.h; sourceTree = "<group>"; };
		3DA7D708231D247D00B5DB3A /* cl_scrn.c */ = {isa = PBXFileReference; fileEncoding = 4; lastKnownFileType = sourcecode.c.c; path = cl_scrn.c; sourceTree = "<group>"; };
		3DA7D709231D247D00B5DB3A /* sound.h */ = {isa = PBXFileReference; fileEncoding = 4; lastKnownFileType = sourcecode.c.h; path = sound.h; sourceTree = "<group>"; };
		3DA7D70A231D247D00B5DB3A /* s_utils.c */ = {isa = PBXFileReference; fileEncoding = 4; lastKnownFileType = sourcecode.c.c; path = s_utils.c; sourceTree = "<group>"; };
		3DA7D70B231D247D00B5DB3A /* cl_game.c */ = {isa = PBXFileReference; fileEncoding = 4; lastKnownFileType = sourcecode.c.c; path = cl_game.c; sourceTree = "<group>"; };
		3DA7D70C231D247D00B5DB3A /* input.h */ = {isa = PBXFileReference; fileEncoding = 4; lastKnownFileType = sourcecode.c.h; path = input.h; sourceTree = "<group>"; };
		3DA7D70D231D247D00B5DB3A /* gl_rpart.c */ = {isa = PBXFileReference; fileEncoding = 4; lastKnownFileType = sourcecode.c.c; path = gl_rpart.c; sourceTree = "<group>"; };
		3DA7D70E231D247D00B5DB3A /* vox.h */ = {isa = PBXFileReference; fileEncoding = 4; lastKnownFileType = sourcecode.c.h; path = vox.h; sourceTree = "<group>"; };
		3DA7D70F231D247D00B5DB3A /* client.h */ = {isa = PBXFileReference; fileEncoding = 4; lastKnownFileType = sourcecode.c.h; path = client.h; sourceTree = "<group>"; };
		3DA7D710231D247D00B5DB3A /* s_mouth.c */ = {isa = PBXFileReference; fileEncoding = 4; lastKnownFileType = sourcecode.c.c; path = s_mouth.c; sourceTree = "<group>"; };
		3DA7D711231D247D00B5DB3A /* joyinput.h */ = {isa = PBXFileReference; fileEncoding = 4; lastKnownFileType = sourcecode.c.h; path = joyinput.h; sourceTree = "<group>"; };
		3DA7D712231D247D00B5DB3A /* cl_mobile.c */ = {isa = PBXFileReference; fileEncoding = 4; lastKnownFileType = sourcecode.c.c; path = cl_mobile.c; sourceTree = "<group>"; };
		3DA7D713231D247D00B5DB3A /* cl_events.c */ = {isa = PBXFileReference; fileEncoding = 4; lastKnownFileType = sourcecode.c.c; path = cl_events.c; sourceTree = "<group>"; };
		3DA7D714231D247D00B5DB3A /* cl_parse.c */ = {isa = PBXFileReference; fileEncoding = 4; lastKnownFileType = sourcecode.c.c; path = cl_parse.c; sourceTree = "<group>"; };
		3DA7D715231D247D00B5DB3A /* cl_menu.c */ = {isa = PBXFileReference; fileEncoding = 4; lastKnownFileType = sourcecode.c.c; path = cl_menu.c; sourceTree = "<group>"; };
		3DA7D716231D247D00B5DB3A /* gl_cull.c */ = {isa = PBXFileReference; fileEncoding = 4; lastKnownFileType = sourcecode.c.c; path = gl_cull.c; sourceTree = "<group>"; };
		3DA7D717231D247D00B5DB3A /* s_stub.c */ = {isa = PBXFileReference; fileEncoding = 4; lastKnownFileType = sourcecode.c.c; path = s_stub.c; sourceTree = "<group>"; };
		3DA7D718231D247D00B5DB3A /* gamma.c */ = {isa = PBXFileReference; fileEncoding = 4; lastKnownFileType = sourcecode.c.c; path = gamma.c; sourceTree = "<group>"; };
		3DA7D719231D247D00B5DB3A /* cl_frame.c */ = {isa = PBXFileReference; fileEncoding = 4; lastKnownFileType = sourcecode.c.c; path = cl_frame.c; sourceTree = "<group>"; };
		3DA7D71A231D247D00B5DB3A /* gl_beams.c */ = {isa = PBXFileReference; fileEncoding = 4; lastKnownFileType = sourcecode.c.c; path = gl_beams.c; sourceTree = "<group>"; };
		3DA7D71B231D247D00B5DB3A /* cl_netgraph.c */ = {isa = PBXFileReference; fileEncoding = 4; lastKnownFileType = sourcecode.c.c; path = cl_netgraph.c; sourceTree = "<group>"; };
		3DA7D71C231D247D00B5DB3A /* gl_image.c */ = {isa = PBXFileReference; fileEncoding = 4; lastKnownFileType = sourcecode.c.c; path = gl_image.c; sourceTree = "<group>"; };
		3DA7D71D231D247D00B5DB3A /* gl_sprite.c */ = {isa = PBXFileReference; fileEncoding = 4; lastKnownFileType = sourcecode.c.c; path = gl_sprite.c; sourceTree = "<group>"; };
		3DA7D71E231D247D00B5DB3A /* cl_remap.c */ = {isa = PBXFileReference; fileEncoding = 4; lastKnownFileType = sourcecode.c.c; path = cl_remap.c; sourceTree = "<group>"; };
		3DA7D71F231D247D00B5DB3A /* touch.h */ = {isa = PBXFileReference; fileEncoding = 4; lastKnownFileType = sourcecode.c.h; path = touch.h; sourceTree = "<group>"; };
		3DA7D720231D247D00B5DB3A /* s_stream.c */ = {isa = PBXFileReference; fileEncoding = 4; lastKnownFileType = sourcecode.c.c; path = s_stream.c; sourceTree = "<group>"; };
		3DA7D721231D247D00B5DB3A /* gl_export.h */ = {isa = PBXFileReference; fileEncoding = 4; lastKnownFileType = sourcecode.c.h; path = gl_export.h; sourceTree = "<group>"; };
		3DA7D722231D247D00B5DB3A /* input_evdevkey.c */ = {isa = PBXFileReference; fileEncoding = 4; lastKnownFileType = sourcecode.c.c; path = input_evdevkey.c; sourceTree = "<group>"; };
		3DA7D723231D247D00B5DB3A /* gl_rmath.c */ = {isa = PBXFileReference; fileEncoding = 4; lastKnownFileType = sourcecode.c.c; path = gl_rmath.c; sourceTree = "<group>"; };
		3DA7D724231D247D00B5DB3A /* gl_decals.c */ = {isa = PBXFileReference; fileEncoding = 4; lastKnownFileType = sourcecode.c.c; path = gl_decals.c; sourceTree = "<group>"; };
		3DA7D725231D247D00B5DB3A /* s_dsp.c */ = {isa = PBXFileReference; fileEncoding = 4; lastKnownFileType = sourcecode.c.c; path = s_dsp.c; sourceTree = "<group>"; };
		3DA7D726231D247D00B5DB3A /* cl_tent.h */ = {isa = PBXFileReference; fileEncoding = 4; lastKnownFileType = sourcecode.c.h; path = cl_tent.h; sourceTree = "<group>"; };
		3DA7D727231D247D00B5DB3A /* gl_backend.c */ = {isa = PBXFileReference; fileEncoding = 4; lastKnownFileType = sourcecode.c.c; path = gl_backend.c; sourceTree = "<group>"; };
		3DA7D728231D247D00B5DB3A /* cl_main.c */ = {isa = PBXFileReference; fileEncoding = 4; lastKnownFileType = sourcecode.c.c; path = cl_main.c; sourceTree = "<group>"; };
		3DA7D729231D247D00B5DB3A /* s_load.c */ = {isa = PBXFileReference; fileEncoding = 4; lastKnownFileType = sourcecode.c.c; path = s_load.c; sourceTree = "<group>"; };
		3DA7D72A231D247D00B5DB3A /* gl_vidnt.h */ = {isa = PBXFileReference; fileEncoding = 4; lastKnownFileType = sourcecode.c.h; path = gl_vidnt.h; sourceTree = "<group>"; };
		3DA7D72B231D247D00B5DB3A /* anorm_dots.h */ = {isa = PBXFileReference; fileEncoding = 4; lastKnownFileType = sourcecode.c.h; path = anorm_dots.h; sourceTree = "<group>"; };
		3DA7D72C231D247D00B5DB3A /* input.c */ = {isa = PBXFileReference; fileEncoding = 4; lastKnownFileType = sourcecode.c.c; path = input.c; sourceTree = "<group>"; };
		3DA7D72D231D247D00B5DB3A /* console.c */ = {isa = PBXFileReference; fileEncoding = 4; lastKnownFileType = sourcecode.c.c; path = console.c; sourceTree = "<group>"; };
		3DA7D72E231D247D00B5DB3A /* gl_rmisc.c */ = {isa = PBXFileReference; fileEncoding = 4; lastKnownFileType = sourcecode.c.c; path = gl_rmisc.c; sourceTree = "<group>"; };
		3DA7D72F231D247D00B5DB3A /* keys.c */ = {isa = PBXFileReference; fileEncoding = 4; lastKnownFileType = sourcecode.c.c; path = keys.c; sourceTree = "<group>"; };
		3DA7D730231D247D00B5DB3A /* gl_rstrobe.c */ = {isa = PBXFileReference; fileEncoding = 4; lastKnownFileType = sourcecode.c.c; path = gl_rstrobe.c; sourceTree = "<group>"; };
		3DA7D731231D247D00B5DB3A /* joyinput.c */ = {isa = PBXFileReference; fileEncoding = 4; lastKnownFileType = sourcecode.c.c; path = joyinput.c; sourceTree = "<group>"; };
		3DA7D732231D247D00B5DB3A /* gl_draw.c */ = {isa = PBXFileReference; fileEncoding = 4; lastKnownFileType = sourcecode.c.c; path = gl_draw.c; sourceTree = "<group>"; };
		3DA7D733231D247D00B5DB3A /* gl_dynamic.h */ = {isa = PBXFileReference; fileEncoding = 4; lastKnownFileType = sourcecode.c.h; path = gl_dynamic.h; sourceTree = "<group>"; };
		3DA7D734231D247D00B5DB3A /* gl_refrag.c */ = {isa = PBXFileReference; fileEncoding = 4; lastKnownFileType = sourcecode.c.c; path = gl_refrag.c; sourceTree = "<group>"; };
		3DA7D735231D247D00B5DB3A /* s_main.c */ = {isa = PBXFileReference; fileEncoding = 4; lastKnownFileType = sourcecode.c.c; path = s_main.c; sourceTree = "<group>"; };
		3DA7D736231D247D00B5DB3A /* gl_studio.c */ = {isa = PBXFileReference; fileEncoding = 4; lastKnownFileType = sourcecode.c.c; path = gl_studio.c; sourceTree = "<group>"; };
		3DA7D737231D247D00B5DB3A /* s_vox.c */ = {isa = PBXFileReference; fileEncoding = 4; lastKnownFileType = sourcecode.c.c; path = s_vox.c; sourceTree = "<group>"; };
		3DA7D738231D247D00B5DB3A /* cl_pmove.c */ = {isa = PBXFileReference; fileEncoding = 4; lastKnownFileType = sourcecode.c.c; path = cl_pmove.c; sourceTree = "<group>"; };
		3DA7D739231D247D00B5DB3A /* touch.c */ = {isa = PBXFileReference; fileEncoding = 4; lastKnownFileType = sourcecode.c.c; path = touch.c; sourceTree = "<group>"; };
		3DA7D73A231D247D00B5DB3A /* gl_rsurf.c */ = {isa = PBXFileReference; fileEncoding = 4; lastKnownFileType = sourcecode.c.c; path = gl_rsurf.c; sourceTree = "<group>"; };
		3DA7D73B231D247D00B5DB3A /* cl_video.c */ = {isa = PBXFileReference; fileEncoding = 4; lastKnownFileType = sourcecode.c.c; path = cl_video.c; sourceTree = "<group>"; };
		3DA7D73C231D247D00B5DB3A /* gl_rmain.c */ = {isa = PBXFileReference; fileEncoding = 4; lastKnownFileType = sourcecode.c.c; path = gl_rmain.c; sourceTree = "<group>"; };
		3DA7D73D231D247D00B5DB3A /* vid_common.c */ = {isa = PBXFileReference; fileEncoding = 4; lastKnownFileType = sourcecode.c.c; path = vid_common.c; sourceTree = "<group>"; };
		3DA7D73E231D247D00B5DB3A /* gl_static.h */ = {isa = PBXFileReference; fileEncoding = 4; lastKnownFileType = sourcecode.c.h; path = gl_static.h; sourceTree = "<group>"; };
		3DA7D73F231D247D00B5DB3A /* cl_demo.c */ = {isa = PBXFileReference; fileEncoding = 4; lastKnownFileType = sourcecode.c.c; path = cl_demo.c; sourceTree = "<group>"; };
		3DA7D740231D247D00B5DB3A /* gl_rlight.c */ = {isa = PBXFileReference; fileEncoding = 4; lastKnownFileType = sourcecode.c.c; path = gl_rlight.c; sourceTree = "<group>"; };
		3DA7D742231D247D00B5DB3A /* vgui_draw.c */ = {isa = PBXFileReference; fileEncoding = 4; lastKnownFileType = sourcecode.c.c; path = vgui_draw.c; sourceTree = "<group>"; };
		3DA7D743231D247D00B5DB3A /* vgui_draw.h */ = {isa = PBXFileReference; fileEncoding = 4; lastKnownFileType = sourcecode.c.h; path = vgui_draw.h; sourceTree = "<group>"; };
		3DA7D744231D247D00B5DB3A /* gl_local.h */ = {isa = PBXFileReference; fileEncoding = 4; lastKnownFileType = sourcecode.c.h; path = gl_local.h; sourceTree = "<group>"; };
		3DA7D745231D247D00B5DB3A /* cl_cmds.c */ = {isa = PBXFileReference; fileEncoding = 4; lastKnownFileType = sourcecode.c.c; path = cl_cmds.c; sourceTree = "<group>"; };
		3DA7D746231D247D00B5DB3A /* gl_mirror.c */ = {isa = PBXFileReference; fileEncoding = 4; lastKnownFileType = sourcecode.c.c; path = gl_mirror.c; sourceTree = "<group>"; };
		3DA7D747231D247D00B5DB3A /* gl_warp.c */ = {isa = PBXFileReference; fileEncoding = 4; lastKnownFileType = sourcecode.c.c; path = gl_warp.c; sourceTree = "<group>"; };
		3DA7D748231D247D00B5DB3A /* cl_view.c */ = {isa = PBXFileReference; fileEncoding = 4; lastKnownFileType = sourcecode.c.c; path = cl_view.c; sourceTree = "<group>"; };
		3DA7D749231D247D00B5DB3A /* cl_tent.c */ = {isa = PBXFileReference; fileEncoding = 4; lastKnownFileType = sourcecode.c.c; path = cl_tent.c; sourceTree = "<group>"; };
		3DA7D74A231D247D00B5DB3A /* s_mix.c */ = {isa = PBXFileReference; fileEncoding = 4; lastKnownFileType = sourcecode.c.c; path = s_mix.c; sourceTree = "<group>"; };
		3DA7D74B231D247D00B5DB3A /* keydefs.h */ = {isa = PBXFileReference; fileEncoding = 4; lastKnownFileType = sourcecode.c.h; path = keydefs.h; sourceTree = "<group>"; };
		3DA7D7EE231D258600B5DB3A /* libSDL2.a */ = {isa = PBXFileReference; explicitFileType = archive.ar; path = libSDL2.a; sourceTree = BUILT_PRODUCTS_DIR; };
		3DA7D7F9231D266700B5DB3A /* libnanogl.a */ = {isa = PBXFileReference; explicitFileType = archive.ar; path = libnanogl.a; sourceTree = BUILT_PRODUCTS_DIR; };
/* End PBXFileReference section */

/* Begin PBXFrameworksBuildPhase section */
		3D4410C4231D066B001A0696 /* Frameworks */ = {
			isa = PBXFrameworksBuildPhase;
			buildActionMask = 2147483647;
			files = (
				3DA7D7FA231D266700B5DB3A /* libnanogl.a in Frameworks */,
				3DA7D7EF231D258600B5DB3A /* libSDL2.a in Frameworks */,
			);
			runOnlyForDeploymentPostprocessing = 0;
		};
/* End PBXFrameworksBuildPhase section */

/* Begin PBXGroup section */
		3D4410BE231D066B001A0696 = {
			isa = PBXGroup;
			children = (
				3DA7D65D231D247D00B5DB3A /* engine */,
				3D4410C8231D066B001A0696 /* Products */,
				3DA7D7ED231D258600B5DB3A /* Frameworks */,
			);
			sourceTree = "<group>";
		};
		3D4410C8231D066B001A0696 /* Products */ = {
			isa = PBXGroup;
			children = (
				3D4410C7231D066B001A0696 /* libxash.a */,
			);
			name = Products;
			sourceTree = "<group>";
		};
		3DA7D65D231D247D00B5DB3A /* engine */ = {
			isa = PBXGroup;
			children = (
				3DA7D65E231D247D00B5DB3A /* mobility_int.h */,
				3DA7D65F231D247D00B5DB3A /* vgui_api.h */,
				3DA7D660231D247D00B5DB3A /* physint.h */,
				3DA7D661231D247D00B5DB3A /* studio.h */,
				3DA7D662231D247D00B5DB3A /* custom.h */,
				3DA7D663231D247D00B5DB3A /* edict.h */,
				3DA7D664231D247D00B5DB3A /* eiface.h */,
				3DA7D667231D247D00B5DB3A /* fs_int.h */,
				3DA7D668231D247D00B5DB3A /* progdefs.h */,
				3DA7D669231D247D00B5DB3A /* customentity.h */,
				3DA7D66A231D247D00B5DB3A /* platform */,
				3DA7D685231D247D00B5DB3A /* server */,
				3DA7D695231D247D00B5DB3A /* cdll_int.h */,
				3DA7D696231D247D00B5DB3A /* common */,
				3DA7D6FE231D247D00B5DB3A /* sprite.h */,
				3DA7D6FF231D247D00B5DB3A /* APIProxy.h */,
				3DA7D700231D247D00B5DB3A /* shake.h */,
				3DA7D701231D247D00B5DB3A /* Sequence.h */,
				3DA7D702231D247D00B5DB3A /* menu_int.h */,
				3DA7D703231D247D00B5DB3A /* warpsin.h */,
				3DA7D704231D247D00B5DB3A /* cdll_exp.h */,
				3DA7D706231D247D00B5DB3A /* anorms.h */,
				3DA7D707231D247D00B5DB3A /* client */,
				3DA7D74B231D247D00B5DB3A /* keydefs.h */,
			);
			name = engine;
			path = ../engine;
			sourceTree = "<group>";
		};
		3DA7D66A231D247D00B5DB3A /* platform */ = {
			isa = PBXGroup;
			children = (
				3DA7D66E231D247D00B5DB3A /* iOS */,
				3DA7D675231D247D00B5DB3A /* sdl */,
			);
			path = platform;
			sourceTree = "<group>";
		};
		3DA7D66E231D247D00B5DB3A /* iOS */ = {
			isa = PBXGroup;
			children = (
				3DA7D66F231D247D00B5DB3A /* TapicEngine.h */,
				3DA7D670231D247D00B5DB3A /* TapicEngine.mm */,
			);
			path = iOS;
			sourceTree = "<group>";
		};
		3DA7D675231D247D00B5DB3A /* sdl */ = {
			isa = PBXGroup;
			children = (
				3DA7D676231D247D00B5DB3A /* events.h */,
				3DA7D677231D247D00B5DB3A /* gl_sdl.c */,
				3DA7D678231D247D00B5DB3A /* events.c */,
				3DA7D679231D247D00B5DB3A /* snd_sdl.c */,
				3DA7D67A231D247D00B5DB3A /* vid_sdl.c */,
			);
			path = sdl;
			sourceTree = "<group>";
		};
		3DA7D685231D247D00B5DB3A /* server */ = {
			isa = PBXGroup;
			children = (
				3DA7D686231D247D00B5DB3A /* sv_save.c */,
				3DA7D687231D247D00B5DB3A /* sv_cmds.c */,
				3DA7D688231D247D00B5DB3A /* sv_main.c */,
				3DA7D689231D247D00B5DB3A /* sv_client.c */,
				3DA7D68A231D247D00B5DB3A /* sv_frame.c */,
				3DA7D68B231D247D00B5DB3A /* sv_custom.c */,
				3DA7D68C231D247D00B5DB3A /* sv_phys.c */,
				3DA7D68D231D247D00B5DB3A /* sv_pmove.c */,
				3DA7D68E231D247D00B5DB3A /* sv_move.c */,
				3DA7D68F231D247D00B5DB3A /* sv_filter.c */,
				3DA7D690231D247D00B5DB3A /* sv_init.c */,
				3DA7D691231D247D00B5DB3A /* sv_log.c */,
				3DA7D692231D247D00B5DB3A /* sv_game.c */,
				3DA7D693231D247D00B5DB3A /* server.h */,
				3DA7D694231D247D00B5DB3A /* sv_world.c */,
			);
			path = server;
			sourceTree = "<group>";
		};
		3DA7D696231D247D00B5DB3A /* common */ = {
			isa = PBXGroup;
			children = (
				3DA7D697231D247D00B5DB3A /* filesystem.h */,
				3DA7D698231D247D00B5DB3A /* protocol.h */,
				3DA7D699231D247D00B5DB3A /* library_static.h */,
				3DA7D69A231D247D00B5DB3A /* network.c */,
				3DA7D69B231D247D00B5DB3A /* common.c */,
				3DA7D69C231D247D00B5DB3A /* con_utils.c */,
				3DA7D69D231D247D00B5DB3A /* IceKey.hpp */,
				3DA7D69E231D247D00B5DB3A /* netchan.h */,
				3DA7D69F231D247D00B5DB3A /* net_buffer.h */,
				3DA7D6A0231D247D00B5DB3A /* model.c */,
				3DA7D6A1231D247D00B5DB3A /* titles.c */,
				3DA7D6A2231D247D00B5DB3A /* net_huff.c */,
				3DA7D6A3231D247D00B5DB3A /* imagelib */,
				3DA7D6AC231D247D00B5DB3A /* library.h */,
				3DA7D6AD231D247D00B5DB3A /* Sequence.c */,
				3DA7D6AE231D247D00B5DB3A /* base_cmd.h */,
				3DA7D6AF231D247D00B5DB3A /* matrixlib.c */,
				3DA7D6B0231D247D00B5DB3A /* mod_studio.c */,
				3DA7D6B1231D247D00B5DB3A /* pm_local.h */,
				3DA7D6B2231D247D00B5DB3A /* net_encode.h */,
				3DA7D6B3231D247D00B5DB3A /* dedicated.c */,
				3DA7D6B4231D247D00B5DB3A /* mathlib.h */,
				3DA7D6B5231D247D00B5DB3A /* system.c */,
				3DA7D6B6231D247D00B5DB3A /* hpak.c */,
				3DA7D6B7231D247D00B5DB3A /* world.c */,
				3DA7D6B8231D247D00B5DB3A /* sys_con.c */,
				3DA7D6B9231D247D00B5DB3A /* random.c */,
				3DA7D6BA231D247D00B5DB3A /* cfgscript.c */,
				3DA7D6BB231D247D00B5DB3A /* crtlib_inline.h */,
				3DA7D6BC231D247D00B5DB3A /* mod_decryptor.cpp */,
				3DA7D6BD231D247D00B5DB3A /* crtlib.c */,
				3DA7D6BE231D247D00B5DB3A /* stb */,
				3DA7D6C0231D247D00B5DB3A /* cmd.c */,
				3DA7D6C1231D247D00B5DB3A /* identification.c */,
				3DA7D6C2231D247D00B5DB3A /* zone.c */,
				3DA7D6C3231D247D00B5DB3A /* mod_decryptor.h */,
				3DA7D6C4231D247D00B5DB3A /* pm_trace.c */,
				3DA7D6C5231D247D00B5DB3A /* common.h */,
				3DA7D6C6231D247D00B5DB3A /* library_static.c */,
				3DA7D6C7231D247D00B5DB3A /* filesystem.c */,
				3DA7D6C8231D247D00B5DB3A /* library.c */,
				3DA7D6C9231D247D00B5DB3A /* build.c */,
				3DA7D6CA231D247D00B5DB3A /* host.c */,
				3DA7D6CB231D247D00B5DB3A /* neon_mathfun.h */,
				3DA7D6CC231D247D00B5DB3A /* sse_mathfun.h */,
				3DA7D6CD231D247D00B5DB3A /* crclib.c */,
				3DA7D6CE231D247D00B5DB3A /* net_buffer.c */,
				3DA7D6CF231D247D00B5DB3A /* world.h */,
				3DA7D6D0231D247D00B5DB3A /* mod_local.h */,
				3DA7D6D1231D247D00B5DB3A /* system.h */,
				3DA7D6D2231D247D00B5DB3A /* mathlib.c */,
				3DA7D6D3231D247D00B5DB3A /* pm_surface.c */,
				3DA7D6D4231D247D00B5DB3A /* masterlist.c */,
				3DA7D6D5231D247D00B5DB3A /* infostring.c */,
				3DA7D6D6231D247D00B5DB3A /* net_encode.c */,
				3DA7D6D7231D247D00B5DB3A /* soundlib */,
				3DA7D6F6231D247D00B5DB3A /* base_cmd.c */,
				3DA7D6F7231D247D00B5DB3A /* cvar.c */,
				3DA7D6F8231D247D00B5DB3A /* net_chan.c */,
				3DA7D6F9231D247D00B5DB3A /* launcher.c */,
				3DA7D6FA231D247D00B5DB3A /* IceKey.cpp */,
				3DA7D6FB231D247D00B5DB3A /* crtlib.h */,
				3DA7D6FC231D247D00B5DB3A /* avikit.c */,
				3DA7D6FD231D247D00B5DB3A /* crashhandler.c */,
			);
			path = common;
			sourceTree = "<group>";
		};
		3DA7D6A3231D247D00B5DB3A /* imagelib */ = {
			isa = PBXGroup;
			children = (
				3DA7D6A4231D247D00B5DB3A /* img_tga.c */,
				3DA7D6A5231D247D00B5DB3A /* img_wad.c */,
				3DA7D6A6231D247D00B5DB3A /* img_bmp.c */,
				3DA7D6A7231D247D00B5DB3A /* img_quant.c */,
				3DA7D6A8231D247D00B5DB3A /* imagelib.h */,
				3DA7D6A9231D247D00B5DB3A /* img_utils.c */,
				3DA7D6AA231D247D00B5DB3A /* img_main.c */,
				3DA7D6AB231D247D00B5DB3A /* img_dds.c */,
			);
			path = imagelib;
			sourceTree = "<group>";
		};
		3DA7D6BE231D247D00B5DB3A /* stb */ = {
			isa = PBXGroup;
			children = (
				3DA7D6BF231D247D00B5DB3A /* stb_sprintf.h */,
			);
			path = stb;
			sourceTree = "<group>";
		};
		3DA7D6D7231D247D00B5DB3A /* soundlib */ = {
			isa = PBXGroup;
			children = (
				3DA7D6D8231D247D00B5DB3A /* snd_wav.c */,
				3DA7D6D9231D247D00B5DB3A /* libmpg */,
				3DA7D6F2231D247D00B5DB3A /* snd_mp3.c */,
				3DA7D6F3231D247D00B5DB3A /* soundlib.h */,
				3DA7D6F4231D247D00B5DB3A /* snd_utils.c */,
				3DA7D6F5231D247D00B5DB3A /* snd_main.c */,
			);
			path = soundlib;
			sourceTree = "<group>";
		};
		3DA7D6D9231D247D00B5DB3A /* libmpg */ = {
			isa = PBXGroup;
			children = (
				3DA7D6DA231D247D00B5DB3A /* index.h */,
				3DA7D6DB231D247D00B5DB3A /* reader.h */,
				3DA7D6DC231D247D00B5DB3A /* libmpg.dsp */,
				3DA7D6DD231D247D00B5DB3A /* mpg123.h */,
				3DA7D6DE231D247D00B5DB3A /* dct64.c */,
				3DA7D6DF231D247D00B5DB3A /* getbits.h */,
				3DA7D6E0231D247D00B5DB3A /* synth.h */,
				3DA7D6E1231D247D00B5DB3A /* format.c */,
				3DA7D6E2231D247D00B5DB3A /* libmpg.h */,
				3DA7D6E3231D247D00B5DB3A /* frame.h */,
				3DA7D6E4231D247D00B5DB3A /* dct36.c */,
				3DA7D6E5231D247D00B5DB3A /* reader.c */,
				3DA7D6E6231D247D00B5DB3A /* index.c */,
				3DA7D6E7231D247D00B5DB3A /* fmt123.h */,
				3DA7D6E8231D247D00B5DB3A /* tabinit.c */,
				3DA7D6E9231D247D00B5DB3A /* mpg123.c */,
				3DA7D6EA231D247D00B5DB3A /* frame.c */,
				3DA7D6EB231D247D00B5DB3A /* parse.c */,
				3DA7D6EC231D247D00B5DB3A /* libmpg.c */,
				3DA7D6ED231D247D00B5DB3A /* synth.c */,
				3DA7D6EE231D247D00B5DB3A /* mpeghead.h */,
				3DA7D6EF231D247D00B5DB3A /* huffman.h */,
				3DA7D6F0231D247D00B5DB3A /* sample.h */,
				3DA7D6F1231D247D00B5DB3A /* layer3.c */,
			);
			path = libmpg;
			sourceTree = "<group>";
		};
		3DA7D707231D247D00B5DB3A /* client */ = {
			isa = PBXGroup;
			children = (
				3DA7D708231D247D00B5DB3A /* cl_scrn.c */,
				3DA7D709231D247D00B5DB3A /* sound.h */,
				3DA7D70A231D247D00B5DB3A /* s_utils.c */,
				3DA7D70B231D247D00B5DB3A /* cl_game.c */,
				3DA7D70C231D247D00B5DB3A /* input.h */,
				3DA7D70D231D247D00B5DB3A /* gl_rpart.c */,
				3DA7D70E231D247D00B5DB3A /* vox.h */,
				3DA7D70F231D247D00B5DB3A /* client.h */,
				3DA7D710231D247D00B5DB3A /* s_mouth.c */,
				3DA7D711231D247D00B5DB3A /* joyinput.h */,
				3DA7D712231D247D00B5DB3A /* cl_mobile.c */,
				3DA7D713231D247D00B5DB3A /* cl_events.c */,
				3DA7D714231D247D00B5DB3A /* cl_parse.c */,
				3DA7D715231D247D00B5DB3A /* cl_menu.c */,
				3DA7D716231D247D00B5DB3A /* gl_cull.c */,
				3DA7D717231D247D00B5DB3A /* s_stub.c */,
				3DA7D718231D247D00B5DB3A /* gamma.c */,
				3DA7D719231D247D00B5DB3A /* cl_frame.c */,
				3DA7D71A231D247D00B5DB3A /* gl_beams.c */,
				3DA7D71B231D247D00B5DB3A /* cl_netgraph.c */,
				3DA7D71C231D247D00B5DB3A /* gl_image.c */,
				3DA7D71D231D247D00B5DB3A /* gl_sprite.c */,
				3DA7D71E231D247D00B5DB3A /* cl_remap.c */,
				3DA7D71F231D247D00B5DB3A /* touch.h */,
				3DA7D720231D247D00B5DB3A /* s_stream.c */,
				3DA7D721231D247D00B5DB3A /* gl_export.h */,
				3DA7D722231D247D00B5DB3A /* input_evdevkey.c */,
				3DA7D723231D247D00B5DB3A /* gl_rmath.c */,
				3DA7D724231D247D00B5DB3A /* gl_decals.c */,
				3DA7D725231D247D00B5DB3A /* s_dsp.c */,
				3DA7D726231D247D00B5DB3A /* cl_tent.h */,
				3DA7D727231D247D00B5DB3A /* gl_backend.c */,
				3DA7D728231D247D00B5DB3A /* cl_main.c */,
				3DA7D729231D247D00B5DB3A /* s_load.c */,
				3DA7D72A231D247D00B5DB3A /* gl_vidnt.h */,
				3DA7D72B231D247D00B5DB3A /* anorm_dots.h */,
				3DA7D72C231D247D00B5DB3A /* input.c */,
				3DA7D72D231D247D00B5DB3A /* console.c */,
				3DA7D72E231D247D00B5DB3A /* gl_rmisc.c */,
				3DA7D72F231D247D00B5DB3A /* keys.c */,
				3DA7D730231D247D00B5DB3A /* gl_rstrobe.c */,
				3DA7D731231D247D00B5DB3A /* joyinput.c */,
				3DA7D732231D247D00B5DB3A /* gl_draw.c */,
				3DA7D733231D247D00B5DB3A /* gl_dynamic.h */,
				3DA7D734231D247D00B5DB3A /* gl_refrag.c */,
				3DA7D735231D247D00B5DB3A /* s_main.c */,
				3DA7D736231D247D00B5DB3A /* gl_studio.c */,
				3DA7D737231D247D00B5DB3A /* s_vox.c */,
				3DA7D738231D247D00B5DB3A /* cl_pmove.c */,
				3DA7D739231D247D00B5DB3A /* touch.c */,
				3DA7D73A231D247D00B5DB3A /* gl_rsurf.c */,
				3DA7D73B231D247D00B5DB3A /* cl_video.c */,
				3DA7D73C231D247D00B5DB3A /* gl_rmain.c */,
				3DA7D73D231D247D00B5DB3A /* vid_common.c */,
				3DA7D73E231D247D00B5DB3A /* gl_static.h */,
				3DA7D73F231D247D00B5DB3A /* cl_demo.c */,
				3DA7D740231D247D00B5DB3A /* gl_rlight.c */,
				3DA7D741231D247D00B5DB3A /* vgui */,
				3DA7D744231D247D00B5DB3A /* gl_local.h */,
				3DA7D745231D247D00B5DB3A /* cl_cmds.c */,
				3DA7D746231D247D00B5DB3A /* gl_mirror.c */,
				3DA7D747231D247D00B5DB3A /* gl_warp.c */,
				3DA7D748231D247D00B5DB3A /* cl_view.c */,
				3DA7D749231D247D00B5DB3A /* cl_tent.c */,
				3DA7D74A231D247D00B5DB3A /* s_mix.c */,
			);
			path = client;
			sourceTree = "<group>";
		};
		3DA7D741231D247D00B5DB3A /* vgui */ = {
			isa = PBXGroup;
			children = (
				3DA7D742231D247D00B5DB3A /* vgui_draw.c */,
				3DA7D743231D247D00B5DB3A /* vgui_draw.h */,
			);
			path = vgui;
			sourceTree = "<group>";
		};
		3DA7D7ED231D258600B5DB3A /* Frameworks */ = {
			isa = PBXGroup;
			children = (
				3DA7D7F9231D266700B5DB3A /* libnanogl.a */,
				3DA7D7EE231D258600B5DB3A /* libSDL2.a */,
			);
			name = Frameworks;
			sourceTree = "<group>";
		};
/* End PBXGroup section */

/* Begin PBXNativeTarget section */
		3D4410C6231D066B001A0696 /* xash */ = {
			isa = PBXNativeTarget;
			buildConfigurationList = 3D4410D0231D066B001A0696 /* Build configuration list for PBXNativeTarget "xash" */;
			buildPhases = (
				3D4410C3231D066B001A0696 /* Sources */,
				3D4410C4231D066B001A0696 /* Frameworks */,
				3D4410C5231D066B001A0696 /* CopyFiles */,
			);
			buildRules = (
			);
			dependencies = (
			);
			name = xash;
			productName = server;
			productReference = 3D4410C7231D066B001A0696 /* libxash.a */;
			productType = "com.apple.product-type.library.static";
		};
/* End PBXNativeTarget section */

/* Begin PBXProject section */
		3D4410BF231D066B001A0696 /* Project object */ = {
			isa = PBXProject;
			attributes = {
				LastUpgradeCheck = 1030;
				ORGANIZATIONNAME = "梅峰源";
				TargetAttributes = {
					3D4410C6231D066B001A0696 = {
						CreatedOnToolsVersion = 10.3;
					};
				};
			};
			buildConfigurationList = 3D4410C2231D066B001A0696 /* Build configuration list for PBXProject "engine" */;
			compatibilityVersion = "Xcode 9.3";
			developmentRegion = en;
			hasScannedForEncodings = 0;
			knownRegions = (
				en,
			);
			mainGroup = 3D4410BE231D066B001A0696;
			productRefGroup = 3D4410C8231D066B001A0696 /* Products */;
			projectDirPath = "";
			projectRoot = "";
			targets = (
				3D4410C6231D066B001A0696 /* xash */,
			);
		};
/* End PBXProject section */

/* Begin PBXSourcesBuildPhase section */
		3D4410C3231D066B001A0696 /* Sources */ = {
			isa = PBXSourcesBuildPhase;
			buildActionMask = 2147483647;
			files = (
				3DA7D773231D247D00B5DB3A /* matrixlib.c in Sources */,
				3DA7D772231D247D00B5DB3A /* Sequence.c in Sources */,
				3DA7D7B6231D247D00B5DB3A /* cl_remap.c in Sources */,
				3DA7D79D231D247D00B5DB3A /* snd_main.c in Sources */,
				3DA7D79E231D247D00B5DB3A /* base_cmd.c in Sources */,
				3DA7D7B7231D247D00B5DB3A /* s_stream.c in Sources */,
				3DA7D779231D247D00B5DB3A /* sys_con.c in Sources */,
				3DA7D7D3231D247D00B5DB3A /* cl_cmds.c in Sources */,
				3DA7D75C231D247D00B5DB3A /* sv_custom.c in Sources */,
				3DA7D74E231D247D00B5DB3A /* gl_sdl.c in Sources */,
				3DA7D7C8231D247D00B5DB3A /* gl_studio.c in Sources */,
				3DA7D770231D247D00B5DB3A /* img_main.c in Sources */,
				3DA7D76C231D247D00B5DB3A /* img_wad.c in Sources */,
				3DA7D7A3231D247D00B5DB3A /* avikit.c in Sources */,
				3DA7D795231D247D00B5DB3A /* mpg123.c in Sources */,
				3DA7D78D231D247D00B5DB3A /* net_encode.c in Sources */,
				3DA7D760231D247D00B5DB3A /* sv_filter.c in Sources */,
				3DA7D766231D247D00B5DB3A /* common.c in Sources */,
				3DA7D757231D247D00B5DB3A /* sv_save.c in Sources */,
				3DA7D794231D247D00B5DB3A /* tabinit.c in Sources */,
				3DA7D76A231D247D00B5DB3A /* net_huff.c in Sources */,
				3DA7D763231D247D00B5DB3A /* sv_game.c in Sources */,
				3DA7D777231D247D00B5DB3A /* hpak.c in Sources */,
				3DA7D7B8231D247D00B5DB3A /* input_evdevkey.c in Sources */,
				3DA7D7CE231D247D00B5DB3A /* gl_rmain.c in Sources */,
				3DA7D776231D247D00B5DB3A /* system.c in Sources */,
				3DA7D78C231D247D00B5DB3A /* infostring.c in Sources */,
				3DA7D7B3231D247D00B5DB3A /* cl_netgraph.c in Sources */,
				3DA7D7AE231D247D00B5DB3A /* gl_cull.c in Sources */,
				3DA7D7B5231D247D00B5DB3A /* gl_sprite.c in Sources */,
				3DA7D7C0231D247D00B5DB3A /* console.c in Sources */,
				3DA7D7A0231D247D00B5DB3A /* net_chan.c in Sources */,
				3DA7D7A7231D247D00B5DB3A /* cl_game.c in Sources */,
				3DA7D791231D247D00B5DB3A /* dct36.c in Sources */,
				3DA7D7CA231D247D00B5DB3A /* cl_pmove.c in Sources */,
				3DA7D7C4231D247D00B5DB3A /* joyinput.c in Sources */,
				3DA7D7CD231D247D00B5DB3A /* cl_video.c in Sources */,
				3DA7D7C9231D247D00B5DB3A /* s_vox.c in Sources */,
				3DA7D769231D247D00B5DB3A /* titles.c in Sources */,
				3DA7D77A231D247D00B5DB3A /* random.c in Sources */,
				3DA7D75E231D247D00B5DB3A /* sv_pmove.c in Sources */,
				3DA7D77B231D247D00B5DB3A /* cfgscript.c in Sources */,
				3DA7D79C231D247D00B5DB3A /* snd_utils.c in Sources */,
				3DA7D7A9231D247D00B5DB3A /* s_mouth.c in Sources */,
				3DA7D7BF231D247D00B5DB3A /* input.c in Sources */,
				3DA7D783231D247D00B5DB3A /* filesystem.c in Sources */,
				3DA7D77C231D247D00B5DB3A /* mod_decryptor.cpp in Sources */,
				3DA7D7A1231D247D00B5DB3A /* launcher.c in Sources */,
				3DA7D788231D247D00B5DB3A /* net_buffer.c in Sources */,
				3DA7D7D1231D247D00B5DB3A /* gl_rlight.c in Sources */,
				3DA7D7D4231D247D00B5DB3A /* gl_mirror.c in Sources */,
				3DA7D793231D247D00B5DB3A /* index.c in Sources */,
				3DA7D789231D247D00B5DB3A /* mathlib.c in Sources */,
				3DA7D751231D247D00B5DB3A /* vid_sdl.c in Sources */,
				3DA7D764231D247D00B5DB3A /* sv_world.c in Sources */,
				3DA7D7B0231D247D00B5DB3A /* gamma.c in Sources */,
				3DA7D771231D247D00B5DB3A /* img_dds.c in Sources */,
				3DA7D7D8231D247D00B5DB3A /* s_mix.c in Sources */,
				3DA7D79A231D247D00B5DB3A /* layer3.c in Sources */,
				3DA7D7D6231D247D00B5DB3A /* cl_view.c in Sources */,
				3DA7D784231D247D00B5DB3A /* library.c in Sources */,
				3DA7D787231D247D00B5DB3A /* crclib.c in Sources */,
				3DA7D7A4231D247D00B5DB3A /* crashhandler.c in Sources */,
				3DA7D768231D247D00B5DB3A /* model.c in Sources */,
				3DA7D792231D247D00B5DB3A /* reader.c in Sources */,
				3DA7D7BE231D247D00B5DB3A /* s_load.c in Sources */,
				3DA7D7CB231D247D00B5DB3A /* touch.c in Sources */,
				3DA7D7BC231D247D00B5DB3A /* gl_backend.c in Sources */,
				3DA7D797231D247D00B5DB3A /* parse.c in Sources */,
				3DA7D774231D247D00B5DB3A /* mod_studio.c in Sources */,
				3DA7D76E231D247D00B5DB3A /* img_quant.c in Sources */,
				3DA7D7A6231D247D00B5DB3A /* s_utils.c in Sources */,
				3DA7D750231D247D00B5DB3A /* snd_sdl.c in Sources */,
				3DA7D79F231D247D00B5DB3A /* cvar.c in Sources */,
				3DA7D7D5231D247D00B5DB3A /* gl_warp.c in Sources */,
				3DA7D78F231D247D00B5DB3A /* dct64.c in Sources */,
				3DA7D758231D247D00B5DB3A /* sv_cmds.c in Sources */,
				3DA7D76D231D247D00B5DB3A /* img_bmp.c in Sources */,
				3DA7D799231D247D00B5DB3A /* synth.c in Sources */,
				3DA7D7B4231D247D00B5DB3A /* gl_image.c in Sources */,
				3DA7D7B9231D247D00B5DB3A /* gl_rmath.c in Sources */,
				3DA7D78E231D247D00B5DB3A /* snd_wav.c in Sources */,
				3DA7D7AD231D247D00B5DB3A /* cl_menu.c in Sources */,
				3DA7D7A5231D247D00B5DB3A /* cl_scrn.c in Sources */,
				3DA7D7AC231D247D00B5DB3A /* cl_parse.c in Sources */,
				3DA7D7C2231D247D00B5DB3A /* keys.c in Sources */,
				3DA7D74F231D247D00B5DB3A /* events.c in Sources */,
				3DA7D796231D247D00B5DB3A /* frame.c in Sources */,
				3DA7D7CF231D247D00B5DB3A /* vid_common.c in Sources */,
				3DA7D7A8231D247D00B5DB3A /* gl_rpart.c in Sources */,
				3DA7D7D7231D247D00B5DB3A /* cl_tent.c in Sources */,
				3DA7D7D0231D247D00B5DB3A /* cl_demo.c in Sources */,
				3DA7D775231D247D00B5DB3A /* dedicated.c in Sources */,
				3DA7D7C6231D247D00B5DB3A /* gl_refrag.c in Sources */,
				3DA7D7C5231D247D00B5DB3A /* gl_draw.c in Sources */,
				3DA7D78B231D247D00B5DB3A /* masterlist.c in Sources */,
				3DA7D785231D247D00B5DB3A /* build.c in Sources */,
				3DA7D782231D247D00B5DB3A /* library_static.c in Sources */,
				3DA7D74D231D247D00B5DB3A /* TapicEngine.mm in Sources */,
				3DA7D77E231D247D00B5DB3A /* cmd.c in Sources */,
				3DA7D76B231D247D00B5DB3A /* img_tga.c in Sources */,
				3DA7D765231D247D00B5DB3A /* network.c in Sources */,
				3DA7D7CC231D247D00B5DB3A /* gl_rsurf.c in Sources */,
				3DA7D767231D247D00B5DB3A /* con_utils.c in Sources */,
				3DA7D762231D247D00B5DB3A /* sv_log.c in Sources */,
				3DA7D798231D247D00B5DB3A /* libmpg.c in Sources */,
				3DA7D778231D247D00B5DB3A /* world.c in Sources */,
				3DA7D780231D247D00B5DB3A /* zone.c in Sources */,
				3DA7D7B2231D247D00B5DB3A /* gl_beams.c in Sources */,
				3DA7D79B231D247D00B5DB3A /* snd_mp3.c in Sources */,
				3DA7D7C7231D247D00B5DB3A /* s_main.c in Sources */,
				3DA7D7BA231D247D00B5DB3A /* gl_decals.c in Sources */,
				3DA7D76F231D247D00B5DB3A /* img_utils.c in Sources */,
				3DA7D77D231D247D00B5DB3A /* crtlib.c in Sources */,
				3DA7D7AF231D247D00B5DB3A /* s_stub.c in Sources */,
				3DA7D75D231D247D00B5DB3A /* sv_phys.c in Sources */,
				3DA7D7B1231D247D00B5DB3A /* cl_frame.c in Sources */,
				3DA7D759231D247D00B5DB3A /* sv_main.c in Sources */,
				3DA7D781231D247D00B5DB3A /* pm_trace.c in Sources */,
				3DA7D7A2231D247D00B5DB3A /* IceKey.cpp in Sources */,
				3DA7D7BB231D247D00B5DB3A /* s_dsp.c in Sources */,
				3DA7D7C3231D247D00B5DB3A /* gl_rstrobe.c in Sources */,
				3DA7D75A231D247D00B5DB3A /* sv_client.c in Sources */,
				3DA7D7D2231D247D00B5DB3A /* vgui_draw.c in Sources */,
				3DA7D75F231D247D00B5DB3A /* sv_move.c in Sources */,
				3DA7D75B231D247D00B5DB3A /* sv_frame.c in Sources */,
				3DA7D7BD231D247D00B5DB3A /* cl_main.c in Sources */,
				3DA7D7C1231D247D00B5DB3A /* gl_rmisc.c in Sources */,
				3DA7D761231D247D00B5DB3A /* sv_init.c in Sources */,
				3DA7D78A231D247D00B5DB3A /* pm_surface.c in Sources */,
				3DA7D786231D247D00B5DB3A /* host.c in Sources */,
				3DA7D790231D247D00B5DB3A /* format.c in Sources */,
				3DA7D77F231D247D00B5DB3A /* identification.c in Sources */,
				3DA7D7AA231D247D00B5DB3A /* cl_mobile.c in Sources */,
				3DA7D7AB231D247D00B5DB3A /* cl_events.c in Sources */,
			);
			runOnlyForDeploymentPostprocessing = 0;
		};
/* End PBXSourcesBuildPhase section */

/* Begin XCBuildConfiguration section */
		3D4410CE231D066B001A0696 /* Debug */ = {
			isa = XCBuildConfiguration;
			buildSettings = {
				ALWAYS_SEARCH_USER_PATHS = NO;
				CLANG_ANALYZER_NONNULL = YES;
				CLANG_ANALYZER_NUMBER_OBJECT_CONVERSION = YES_AGGRESSIVE;
				CLANG_CXX_LANGUAGE_STANDARD = "gnu++14";
				CLANG_CXX_LIBRARY = "libc++";
				CLANG_ENABLE_MODULES = YES;
				CLANG_ENABLE_OBJC_ARC = YES;
				CLANG_ENABLE_OBJC_WEAK = YES;
				CLANG_WARN_BLOCK_CAPTURE_AUTORELEASING = YES;
				CLANG_WARN_BOOL_CONVERSION = YES;
				CLANG_WARN_COMMA = YES;
				CLANG_WARN_CONSTANT_CONVERSION = YES;
				CLANG_WARN_DEPRECATED_OBJC_IMPLEMENTATIONS = YES;
				CLANG_WARN_DIRECT_OBJC_ISA_USAGE = YES_ERROR;
				CLANG_WARN_DOCUMENTATION_COMMENTS = YES;
				CLANG_WARN_EMPTY_BODY = YES;
				CLANG_WARN_ENUM_CONVERSION = YES;
				CLANG_WARN_INFINITE_RECURSION = YES;
				CLANG_WARN_INT_CONVERSION = YES;
				CLANG_WARN_NON_LITERAL_NULL_CONVERSION = YES;
				CLANG_WARN_OBJC_IMPLICIT_RETAIN_SELF = YES;
				CLANG_WARN_OBJC_LITERAL_CONVERSION = YES;
				CLANG_WARN_OBJC_ROOT_CLASS = YES_ERROR;
				CLANG_WARN_RANGE_LOOP_ANALYSIS = YES;
				CLANG_WARN_STRICT_PROTOTYPES = YES;
				CLANG_WARN_SUSPICIOUS_MOVE = YES;
				CLANG_WARN_UNGUARDED_AVAILABILITY = YES_AGGRESSIVE;
				CLANG_WARN_UNREACHABLE_CODE = YES;
				CLANG_WARN__DUPLICATE_METHOD_MATCH = YES;
				CODE_SIGN_IDENTITY = "iPhone Developer";
				COPY_PHASE_STRIP = NO;
				DEBUG_INFORMATION_FORMAT = dwarf;
				ENABLE_STRICT_OBJC_MSGSEND = YES;
				ENABLE_TESTABILITY = YES;
				GCC_C_LANGUAGE_STANDARD = gnu11;
				GCC_DYNAMIC_NO_PIC = NO;
				GCC_NO_COMMON_BLOCKS = YES;
				GCC_OPTIMIZATION_LEVEL = 0;
				GCC_PREPROCESSOR_DEFINITIONS = (
					"DEBUG=1",
					"$(inherited)",
				);
				GCC_WARN_64_TO_32_BIT_CONVERSION = YES;
				GCC_WARN_ABOUT_RETURN_TYPE = YES_ERROR;
				GCC_WARN_UNDECLARED_SELECTOR = YES;
				GCC_WARN_UNINITIALIZED_AUTOS = YES_AGGRESSIVE;
				GCC_WARN_UNUSED_FUNCTION = YES;
				GCC_WARN_UNUSED_VARIABLE = YES;
				IPHONEOS_DEPLOYMENT_TARGET = 8.0;
				MTL_ENABLE_DEBUG_INFO = INCLUDE_SOURCE;
				MTL_FAST_MATH = YES;
				ONLY_ACTIVE_ARCH = YES;
				SDKROOT = iphoneos;
				TARGETED_DEVICE_FAMILY = "1,2";
			};
			name = Debug;
		};
		3D4410CF231D066B001A0696 /* Release */ = {
			isa = XCBuildConfiguration;
			buildSettings = {
				ALWAYS_SEARCH_USER_PATHS = NO;
				CLANG_ANALYZER_NONNULL = YES;
				CLANG_ANALYZER_NUMBER_OBJECT_CONVERSION = YES_AGGRESSIVE;
				CLANG_CXX_LANGUAGE_STANDARD = "gnu++14";
				CLANG_CXX_LIBRARY = "libc++";
				CLANG_ENABLE_MODULES = YES;
				CLANG_ENABLE_OBJC_ARC = YES;
				CLANG_ENABLE_OBJC_WEAK = YES;
				CLANG_WARN_BLOCK_CAPTURE_AUTORELEASING = YES;
				CLANG_WARN_BOOL_CONVERSION = YES;
				CLANG_WARN_COMMA = YES;
				CLANG_WARN_CONSTANT_CONVERSION = YES;
				CLANG_WARN_DEPRECATED_OBJC_IMPLEMENTATIONS = YES;
				CLANG_WARN_DIRECT_OBJC_ISA_USAGE = YES_ERROR;
				CLANG_WARN_DOCUMENTATION_COMMENTS = YES;
				CLANG_WARN_EMPTY_BODY = YES;
				CLANG_WARN_ENUM_CONVERSION = YES;
				CLANG_WARN_INFINITE_RECURSION = YES;
				CLANG_WARN_INT_CONVERSION = YES;
				CLANG_WARN_NON_LITERAL_NULL_CONVERSION = YES;
				CLANG_WARN_OBJC_IMPLICIT_RETAIN_SELF = YES;
				CLANG_WARN_OBJC_LITERAL_CONVERSION = YES;
				CLANG_WARN_OBJC_ROOT_CLASS = YES_ERROR;
				CLANG_WARN_RANGE_LOOP_ANALYSIS = YES;
				CLANG_WARN_STRICT_PROTOTYPES = YES;
				CLANG_WARN_SUSPICIOUS_MOVE = YES;
				CLANG_WARN_UNGUARDED_AVAILABILITY = YES_AGGRESSIVE;
				CLANG_WARN_UNREACHABLE_CODE = YES;
				CLANG_WARN__DUPLICATE_METHOD_MATCH = YES;
				CODE_SIGN_IDENTITY = "iPhone Developer";
				COPY_PHASE_STRIP = NO;
				DEBUG_INFORMATION_FORMAT = "dwarf-with-dsym";
				ENABLE_NS_ASSERTIONS = NO;
				ENABLE_STRICT_OBJC_MSGSEND = YES;
				GCC_C_LANGUAGE_STANDARD = gnu11;
				GCC_NO_COMMON_BLOCKS = YES;
				GCC_WARN_64_TO_32_BIT_CONVERSION = YES;
				GCC_WARN_ABOUT_RETURN_TYPE = YES_ERROR;
				GCC_WARN_UNDECLARED_SELECTOR = YES;
				GCC_WARN_UNINITIALIZED_AUTOS = YES_AGGRESSIVE;
				GCC_WARN_UNUSED_FUNCTION = YES;
				GCC_WARN_UNUSED_VARIABLE = YES;
				IPHONEOS_DEPLOYMENT_TARGET = 8.0;
				MTL_ENABLE_DEBUG_INFO = NO;
				MTL_FAST_MATH = YES;
				SDKROOT = iphoneos;
				TARGETED_DEVICE_FAMILY = "1,2";
				VALIDATE_PRODUCT = YES;
			};
			name = Release;
		};
		3D4410D1231D066B001A0696 /* Debug */ = {
			isa = XCBuildConfiguration;
			buildSettings = {
				CODE_SIGN_STYLE = Automatic;
				HEADER_SEARCH_PATHS = (
					../SDL2/include,
					../engine,
					../engine/common,
					../engine/client,
					../engine/client/vgui,
					../engine/server,
					../engine/common/imagelib,
					../engine/common/soundlib,
					../engine/common/soundlib/libmpg,
					../pm_shared,
					../common,
					../,
					../nanogl,
					../nanogl/GL,
				);
				OTHER_CFLAGS = (
					"-DXASH_SDL",
					"-DXASH_NANOGL",
					"-DXASH_GLES",
					"-DXASH_FORCEINLINE",
					"-DXASH_SDLMAIN",
					"-DSINGLE_BINARY",
					"-D__MULTITEXTURE_SUPPORT__",
					"-DXASH_STATIC_GAMELIB",
				);
				OTHER_LDFLAGS = "";
				PRODUCT_NAME = "$(TARGET_NAME)";
				SKIP_INSTALL = YES;
				TARGETED_DEVICE_FAMILY = "1,2";
			};
			name = Debug;
		};
		3D4410D2231D066B001A0696 /* Release */ = {
			isa = XCBuildConfiguration;
			buildSettings = {
				CODE_SIGN_STYLE = Automatic;
				HEADER_SEARCH_PATHS = (
					../SDL2/include,
					../engine,
					../engine/common,
					../engine/client,
					../engine/client/vgui,
					../engine/server,
					../engine/common/imagelib,
					../engine/common/soundlib,
					../engine/common/soundlib/libmpg,
					../pm_shared,
					../common,
					../,
					../nanogl,
					../nanogl/GL,
				);
				OTHER_CFLAGS = (
					"-DXASH_SDL",
					"-DXASH_NANOGL",
					"-DXASH_GLES",
					"-DXASH_FORCEINLINE",
					"-DXASH_SDLMAIN",
					"-DSINGLE_BINARY",
					"-D__MULTITEXTURE_SUPPORT__",
					"-DXASH_STATIC_GAMELIB",
				);
				OTHER_LDFLAGS = "";
				PRODUCT_NAME = "$(TARGET_NAME)";
				SKIP_INSTALL = YES;
				TARGETED_DEVICE_FAMILY = "1,2";
			};
			name = Release;
		};
/* End XCBuildConfiguration section */

/* Begin XCConfigurationList section */
		3D4410C2231D066B001A0696 /* Build configuration list for PBXProject "engine" */ = {
			isa = XCConfigurationList;
			buildConfigurations = (
				3D4410CE231D066B001A0696 /* Debug */,
				3D4410CF231D066B001A0696 /* Release */,
			);
			defaultConfigurationIsVisible = 0;
			defaultConfigurationName = Release;
		};
		3D4410D0231D066B001A0696 /* Build configuration list for PBXNativeTarget "xash" */ = {
			isa = XCConfigurationList;
			buildConfigurations = (
				3D4410D1231D066B001A0696 /* Debug */,
				3D4410D2231D066B001A0696 /* Release */,
			);
			defaultConfigurationIsVisible = 0;
			defaultConfigurationName = Release;
		};
/* End XCConfigurationList section */
	};
	rootObject = 3D4410BF231D066B001A0696 /* Project object */;
}
